{
  "version": 4,
  "terraform_version": "0.12.24",
  "serial": 550,
  "lineage": "d09488a2-5424-c6d1-4d0c-16d72f3cfd9c",
  "outputs": {
    "Okit_Comp001Id": {
      "value": "ocid1.compartment.oc1..aaaaaaaaywbfhbbnfgyf47pq4uikio5qhqqpxxw4c34l2wpjfiiligm5jrna",
      "type": "string"
    },
    "okit-in001PrivateIP": {
      "value": "10.0.0.3",
      "type": "string"
    },
    "okit-in001PublicIP": {
      "value": "140.238.70.201",
      "type": "string"
    },
    "okit-in002PrivateIP": {
      "value": "10.0.0.2",
      "type": "string"
    },
    "okit-in002PublicIP": {
      "value": "132.145.59.113",
      "type": "string"
    },
    "okit-in003PrivateIP": {
      "value": "10.0.0.4",
      "type": "string"
    },
    "okit-in003PublicIP": {
      "value": "132.145.50.153",
      "type": "string"
    },
    "okit-in004PrivateIP": {
      "value": "10.0.1.2",
      "type": "string"
    },
    "okit-in004PublicIP": {
      "value": "",
      "type": "string"
    },
    "okit-lb001IPAddress": {
      "value": "152.67.131.124",
      "type": "string"
    },
    "okit-lb001URL": {
      "value": "http://152.67.131.124",
      "type": "string"
    }
  },
  "resources": [
    {
      "mode": "data",
      "type": "oci_core_images",
      "name": "Okit_In001Images",
      "provider": "provider.oci",
      "instances": [
        {
          "schema_version": 0,
          "attributes": {
            "compartment_id": "ocid1.compartment.oc1..aaaaaaaaywbfhbbnfgyf47pq4uikio5qhqqpxxw4c34l2wpjfiiligm5jrna",
            "display_name": null,
            "filter": null,
            "id": "2020-05-19 13:47:32.532993 +0000 UTC",
            "images": [
              {
                "agent_features": [],
                "base_image_id": "",
                "compartment_id": "",
                "create_image_allowed": true,
                "defined_tags": {},
                "display_name": "Oracle-Linux-7.7-2020.03.23-0",
                "freeform_tags": {},
                "id": "ocid1.image.oc1.uk-london-1.aaaaaaaaw5gvriwzjhzt2tnylrfnpanz5ndztyrv3zpwhlzxdbkqsjfkwxaq",
                "image_source_details": [],
                "instance_id": "",
                "launch_mode": "NATIVE",
                "launch_options": [
                  {
                    "boot_volume_type": "PARAVIRTUALIZED",
                    "firmware": "UEFI_64",
                    "is_consistent_volume_naming_enabled": true,
                    "is_pv_encryption_in_transit_enabled": true,
                    "network_type": "PARAVIRTUALIZED",
                    "remote_data_volume_type": "PARAVIRTUALIZED"
                  }
                ],
                "operating_system": "Oracle Linux",
                "operating_system_version": "7.7",
                "size_in_mbs": "47694",
                "state": "AVAILABLE",
                "time_created": "2020-03-21 01:12:47.295 +0000 UTC"
              },
              {
                "agent_features": [],
                "base_image_id": "",
                "compartment_id": "",
                "create_image_allowed": true,
                "defined_tags": {
                  "engineer.creator": "teamcityimagegen"
                },
                "display_name": "Oracle-Linux-7.7-2020.02.21-0",
                "freeform_tags": {},
                "id": "ocid1.image.oc1.uk-london-1.aaaaaaaa2uwbd457cd2gtviihmxw7cqfmqcug4ahdg7ivgyzla25pgrn6soa",
                "image_source_details": [],
                "instance_id": "",
                "launch_mode": "NATIVE",
                "launch_options": [
                  {
                    "boot_volume_type": "PARAVIRTUALIZED",
                    "firmware": "UEFI_64",
                    "is_consistent_volume_naming_enabled": true,
                    "is_pv_encryption_in_transit_enabled": true,
                    "network_type": "PARAVIRTUALIZED",
                    "remote_data_volume_type": "PARAVIRTUALIZED"
                  }
                ],
                "operating_system": "Oracle Linux",
                "operating_system_version": "7.7",
                "size_in_mbs": "47694",
                "state": "AVAILABLE",
                "time_created": "2020-02-22 02:01:17.677 +0000 UTC"
              }
            ],
            "operating_system": "Oracle Linux",
            "operating_system_version": "7.7",
            "shape": "VM.Standard.E2.1",
            "sort_by": null,
            "sort_order": null,
            "state": null
          }
        }
      ]
    },
    {
      "mode": "data",
      "type": "oci_core_images",
      "name": "Okit_In002Images",
      "provider": "provider.oci",
      "instances": [
        {
          "schema_version": 0,
          "attributes": {
            "compartment_id": "ocid1.compartment.oc1..aaaaaaaaywbfhbbnfgyf47pq4uikio5qhqqpxxw4c34l2wpjfiiligm5jrna",
            "display_name": null,
            "filter": null,
            "id": "2020-05-19 13:47:32.587563 +0000 UTC",
            "images": [
              {
                "agent_features": [],
                "base_image_id": "",
                "compartment_id": "",
                "create_image_allowed": true,
                "defined_tags": {},
                "display_name": "Oracle-Linux-7.7-2020.03.23-0",
                "freeform_tags": {},
                "id": "ocid1.image.oc1.uk-london-1.aaaaaaaaw5gvriwzjhzt2tnylrfnpanz5ndztyrv3zpwhlzxdbkqsjfkwxaq",
                "image_source_details": [],
                "instance_id": "",
                "launch_mode": "NATIVE",
                "launch_options": [
                  {
                    "boot_volume_type": "PARAVIRTUALIZED",
                    "firmware": "UEFI_64",
                    "is_consistent_volume_naming_enabled": true,
                    "is_pv_encryption_in_transit_enabled": true,
                    "network_type": "PARAVIRTUALIZED",
                    "remote_data_volume_type": "PARAVIRTUALIZED"
                  }
                ],
                "operating_system": "Oracle Linux",
                "operating_system_version": "7.7",
                "size_in_mbs": "47694",
                "state": "AVAILABLE",
                "time_created": "2020-03-21 01:12:47.295 +0000 UTC"
              },
              {
                "agent_features": [],
                "base_image_id": "",
                "compartment_id": "",
                "create_image_allowed": true,
                "defined_tags": {
                  "engineer.creator": "teamcityimagegen"
                },
                "display_name": "Oracle-Linux-7.7-2020.02.21-0",
                "freeform_tags": {},
                "id": "ocid1.image.oc1.uk-london-1.aaaaaaaa2uwbd457cd2gtviihmxw7cqfmqcug4ahdg7ivgyzla25pgrn6soa",
                "image_source_details": [],
                "instance_id": "",
                "launch_mode": "NATIVE",
                "launch_options": [
                  {
                    "boot_volume_type": "PARAVIRTUALIZED",
                    "firmware": "UEFI_64",
                    "is_consistent_volume_naming_enabled": true,
                    "is_pv_encryption_in_transit_enabled": true,
                    "network_type": "PARAVIRTUALIZED",
                    "remote_data_volume_type": "PARAVIRTUALIZED"
                  }
                ],
                "operating_system": "Oracle Linux",
                "operating_system_version": "7.7",
                "size_in_mbs": "47694",
                "state": "AVAILABLE",
                "time_created": "2020-02-22 02:01:17.677 +0000 UTC"
              }
            ],
            "operating_system": "Oracle Linux",
            "operating_system_version": "7.7",
            "shape": "VM.Standard.E2.1",
            "sort_by": null,
            "sort_order": null,
            "state": null
          }
        }
      ]
    },
    {
      "mode": "data",
      "type": "oci_core_images",
      "name": "Okit_In003Images",
      "provider": "provider.oci",
      "instances": [
        {
          "schema_version": 0,
          "attributes": {
            "compartment_id": "ocid1.compartment.oc1..aaaaaaaaywbfhbbnfgyf47pq4uikio5qhqqpxxw4c34l2wpjfiiligm5jrna",
            "display_name": null,
            "filter": null,
            "id": "2020-05-19 13:47:32.553172 +0000 UTC",
            "images": [
              {
                "agent_features": [],
                "base_image_id": "",
                "compartment_id": "",
                "create_image_allowed": true,
                "defined_tags": {},
                "display_name": "Oracle-Linux-7.7-2020.03.23-0",
                "freeform_tags": {},
                "id": "ocid1.image.oc1.uk-london-1.aaaaaaaaw5gvriwzjhzt2tnylrfnpanz5ndztyrv3zpwhlzxdbkqsjfkwxaq",
                "image_source_details": [],
                "instance_id": "",
                "launch_mode": "NATIVE",
                "launch_options": [
                  {
                    "boot_volume_type": "PARAVIRTUALIZED",
                    "firmware": "UEFI_64",
                    "is_consistent_volume_naming_enabled": true,
                    "is_pv_encryption_in_transit_enabled": true,
                    "network_type": "PARAVIRTUALIZED",
                    "remote_data_volume_type": "PARAVIRTUALIZED"
                  }
                ],
                "operating_system": "Oracle Linux",
                "operating_system_version": "7.7",
                "size_in_mbs": "47694",
                "state": "AVAILABLE",
                "time_created": "2020-03-21 01:12:47.295 +0000 UTC"
              },
              {
                "agent_features": [],
                "base_image_id": "",
                "compartment_id": "",
                "create_image_allowed": true,
                "defined_tags": {
                  "engineer.creator": "teamcityimagegen"
                },
                "display_name": "Oracle-Linux-7.7-2020.02.21-0",
                "freeform_tags": {},
                "id": "ocid1.image.oc1.uk-london-1.aaaaaaaa2uwbd457cd2gtviihmxw7cqfmqcug4ahdg7ivgyzla25pgrn6soa",
                "image_source_details": [],
                "instance_id": "",
                "launch_mode": "NATIVE",
                "launch_options": [
                  {
                    "boot_volume_type": "PARAVIRTUALIZED",
                    "firmware": "UEFI_64",
                    "is_consistent_volume_naming_enabled": true,
                    "is_pv_encryption_in_transit_enabled": true,
                    "network_type": "PARAVIRTUALIZED",
                    "remote_data_volume_type": "PARAVIRTUALIZED"
                  }
                ],
                "operating_system": "Oracle Linux",
                "operating_system_version": "7.7",
                "size_in_mbs": "47694",
                "state": "AVAILABLE",
                "time_created": "2020-02-22 02:01:17.677 +0000 UTC"
              }
            ],
            "operating_system": "Oracle Linux",
            "operating_system_version": "7.7",
            "shape": "VM.Standard.E2.1",
            "sort_by": null,
            "sort_order": null,
            "state": null
          }
        }
      ]
    },
    {
      "mode": "data",
      "type": "oci_core_images",
      "name": "Okit_In004Images",
      "provider": "provider.oci",
      "instances": [
        {
          "schema_version": 0,
          "attributes": {
            "compartment_id": "ocid1.compartment.oc1..aaaaaaaaywbfhbbnfgyf47pq4uikio5qhqqpxxw4c34l2wpjfiiligm5jrna",
            "display_name": null,
            "filter": null,
            "id": "2020-05-19 13:47:32.51433 +0000 UTC",
            "images": [
              {
                "agent_features": [],
                "base_image_id": "",
                "compartment_id": "",
                "create_image_allowed": true,
                "defined_tags": {},
                "display_name": "Oracle-Linux-7.7-2020.03.23-0",
                "freeform_tags": {},
                "id": "ocid1.image.oc1.uk-london-1.aaaaaaaaw5gvriwzjhzt2tnylrfnpanz5ndztyrv3zpwhlzxdbkqsjfkwxaq",
                "image_source_details": [],
                "instance_id": "",
                "launch_mode": "NATIVE",
                "launch_options": [
                  {
                    "boot_volume_type": "PARAVIRTUALIZED",
                    "firmware": "UEFI_64",
                    "is_consistent_volume_naming_enabled": true,
                    "is_pv_encryption_in_transit_enabled": true,
                    "network_type": "PARAVIRTUALIZED",
                    "remote_data_volume_type": "PARAVIRTUALIZED"
                  }
                ],
                "operating_system": "Oracle Linux",
                "operating_system_version": "7.7",
                "size_in_mbs": "47694",
                "state": "AVAILABLE",
                "time_created": "2020-03-21 01:12:47.295 +0000 UTC"
              },
              {
                "agent_features": [],
                "base_image_id": "",
                "compartment_id": "",
                "create_image_allowed": true,
                "defined_tags": {
                  "engineer.creator": "teamcityimagegen"
                },
                "display_name": "Oracle-Linux-7.7-2020.02.21-0",
                "freeform_tags": {},
                "id": "ocid1.image.oc1.uk-london-1.aaaaaaaa2uwbd457cd2gtviihmxw7cqfmqcug4ahdg7ivgyzla25pgrn6soa",
                "image_source_details": [],
                "instance_id": "",
                "launch_mode": "NATIVE",
                "launch_options": [
                  {
                    "boot_volume_type": "PARAVIRTUALIZED",
                    "firmware": "UEFI_64",
                    "is_consistent_volume_naming_enabled": true,
                    "is_pv_encryption_in_transit_enabled": true,
                    "network_type": "PARAVIRTUALIZED",
                    "remote_data_volume_type": "PARAVIRTUALIZED"
                  }
                ],
                "operating_system": "Oracle Linux",
                "operating_system_version": "7.7",
                "size_in_mbs": "47694",
                "state": "AVAILABLE",
                "time_created": "2020-02-22 02:01:17.677 +0000 UTC"
              }
            ],
            "operating_system": "Oracle Linux",
            "operating_system_version": "7.7",
            "shape": "VM.Standard.E2.1",
            "sort_by": null,
            "sort_order": null,
            "state": null
          }
        }
      ]
    },
    {
      "mode": "data",
      "type": "oci_identity_availability_domains",
      "name": "AvailabilityDomains",
      "provider": "provider.oci",
      "instances": [
        {
          "schema_version": 0,
          "attributes": {
            "availability_domains": [
              {
                "compartment_id": "ocid1.tenancy.oc1..aaaaaaaadeoj3n5gq7dn7wt32cc4l6mzdopbhfumluhbp5haw4smiepeld7q",
                "id": "ocid1.availabilitydomain.oc1..aaaaaaaapjv4p3qtly2fesrig77q4tlmi3wvakeet6fskc7do2fmawz3xctq",
                "name": "TTAN:UK-LONDON-1-AD-1"
              },
              {
                "compartment_id": "ocid1.tenancy.oc1..aaaaaaaadeoj3n5gq7dn7wt32cc4l6mzdopbhfumluhbp5haw4smiepeld7q",
                "id": "ocid1.availabilitydomain.oc1..aaaaaaaaw2i3i53quioaywmhx56ss5plwk7bmmeg2266lo7inilhbizeroua",
                "name": "TTAN:UK-LONDON-1-AD-2"
              },
              {
                "compartment_id": "ocid1.tenancy.oc1..aaaaaaaadeoj3n5gq7dn7wt32cc4l6mzdopbhfumluhbp5haw4smiepeld7q",
                "id": "ocid1.availabilitydomain.oc1..aaaaaaaac6kgqnl5eberztbdm2ufhpxohk7cuelajmafpqa3m6rpri4tc2yq",
                "name": "TTAN:UK-LONDON-1-AD-3"
              }
            ],
            "compartment_id": "ocid1.tenancy.oc1..aaaaaaaadeoj3n5gq7dn7wt32cc4l6mzdopbhfumluhbp5haw4smiepeld7q",
            "filter": null,
            "id": "2020-05-19 13:47:32.456042 +0000 UTC"
          }
        }
      ]
    },
    {
      "mode": "data",
      "type": "oci_identity_fault_domains",
      "name": "FaultDomainsAD1",
      "provider": "provider.oci",
      "instances": [
        {
          "schema_version": 0,
          "attributes": {
            "availability_domain": "TTAN:UK-LONDON-1-AD-1",
            "compartment_id": "ocid1.tenancy.oc1..aaaaaaaadeoj3n5gq7dn7wt32cc4l6mzdopbhfumluhbp5haw4smiepeld7q",
            "fault_domains": [
              {
                "availability_domain": "TTAN:UK-LONDON-1-AD-1",
                "compartment_id": "ocid1.tenancy.oc1..aaaaaaaadeoj3n5gq7dn7wt32cc4l6mzdopbhfumluhbp5haw4smiepeld7q",
                "id": "ocid1.faultdomain.oc1..aaaaaaaad7cfsssn3zzlwvf2cpdzjrjous33vabh442wm37kzldbbgr6ucmq",
                "name": "FAULT-DOMAIN-1"
              },
              {
                "availability_domain": "TTAN:UK-LONDON-1-AD-1",
                "compartment_id": "ocid1.tenancy.oc1..aaaaaaaadeoj3n5gq7dn7wt32cc4l6mzdopbhfumluhbp5haw4smiepeld7q",
                "id": "ocid1.faultdomain.oc1..aaaaaaaafghva2cpyfzrbqe5bzkslakzarneszvu2v27zpdv66ehhnubel5a",
                "name": "FAULT-DOMAIN-2"
              },
              {
                "availability_domain": "TTAN:UK-LONDON-1-AD-1",
                "compartment_id": "ocid1.tenancy.oc1..aaaaaaaadeoj3n5gq7dn7wt32cc4l6mzdopbhfumluhbp5haw4smiepeld7q",
                "id": "ocid1.faultdomain.oc1..aaaaaaaakqhp6qr6fi7nmmtqe7hb6cfa5rnvhoj5rvxq6crjrfhejvwmwd7a",
                "name": "FAULT-DOMAIN-3"
              }
            ],
            "filter": null,
            "id": "2020-05-19 13:47:32.515347 +0000 UTC"
          }
        }
      ]
    },
    {
      "mode": "data",
      "type": "oci_identity_fault_domains",
      "name": "FaultDomainsAD2",
      "provider": "provider.oci",
      "instances": [
        {
          "schema_version": 0,
          "attributes": {
            "availability_domain": "TTAN:UK-LONDON-1-AD-2",
            "compartment_id": "ocid1.tenancy.oc1..aaaaaaaadeoj3n5gq7dn7wt32cc4l6mzdopbhfumluhbp5haw4smiepeld7q",
            "fault_domains": [
              {
                "availability_domain": "TTAN:UK-LONDON-1-AD-2",
                "compartment_id": "ocid1.tenancy.oc1..aaaaaaaadeoj3n5gq7dn7wt32cc4l6mzdopbhfumluhbp5haw4smiepeld7q",
                "id": "ocid1.faultdomain.oc1..aaaaaaaa5wypnraxmlz67xj7neepnn46a2qurtuk4jz67y2opajecuxi7msq",
                "name": "FAULT-DOMAIN-1"
              },
              {
                "availability_domain": "TTAN:UK-LONDON-1-AD-2",
                "compartment_id": "ocid1.tenancy.oc1..aaaaaaaadeoj3n5gq7dn7wt32cc4l6mzdopbhfumluhbp5haw4smiepeld7q",
                "id": "ocid1.faultdomain.oc1..aaaaaaaaxkmos7vt223z2ji4y2khpzg6mugstei23vrso2nmb6f2ao2r5laa",
                "name": "FAULT-DOMAIN-2"
              },
              {
                "availability_domain": "TTAN:UK-LONDON-1-AD-2",
                "compartment_id": "ocid1.tenancy.oc1..aaaaaaaadeoj3n5gq7dn7wt32cc4l6mzdopbhfumluhbp5haw4smiepeld7q",
                "id": "ocid1.faultdomain.oc1..aaaaaaaawlldq2chaap4zvg6lvp4an2knjus4mpue4igypkoyd6tlbeuqrjq",
                "name": "FAULT-DOMAIN-3"
              }
            ],
            "filter": null,
            "id": "2020-05-19 13:47:32.578637 +0000 UTC"
          }
        }
      ]
    },
    {
      "mode": "data",
      "type": "oci_identity_fault_domains",
      "name": "FaultDomainsAD3",
      "provider": "provider.oci",
      "instances": [
        {
          "schema_version": 0,
          "attributes": {
            "availability_domain": "TTAN:UK-LONDON-1-AD-3",
            "compartment_id": "ocid1.tenancy.oc1..aaaaaaaadeoj3n5gq7dn7wt32cc4l6mzdopbhfumluhbp5haw4smiepeld7q",
            "fault_domains": [
              {
                "availability_domain": "TTAN:UK-LONDON-1-AD-3",
                "compartment_id": "ocid1.tenancy.oc1..aaaaaaaadeoj3n5gq7dn7wt32cc4l6mzdopbhfumluhbp5haw4smiepeld7q",
                "id": "ocid1.faultdomain.oc1..aaaaaaaazr5a4aw3wgmeyupe46junthwf3sc5grsoeqxreocg5z7a5vetl6q",
                "name": "FAULT-DOMAIN-1"
              },
              {
                "availability_domain": "TTAN:UK-LONDON-1-AD-3",
                "compartment_id": "ocid1.tenancy.oc1..aaaaaaaadeoj3n5gq7dn7wt32cc4l6mzdopbhfumluhbp5haw4smiepeld7q",
                "id": "ocid1.faultdomain.oc1..aaaaaaaarmmy5gn2b2d6xzmturq7csf7ql2stx3bx66nw2rwvo7nw6257vua",
                "name": "FAULT-DOMAIN-2"
              },
              {
                "availability_domain": "TTAN:UK-LONDON-1-AD-3",
                "compartment_id": "ocid1.tenancy.oc1..aaaaaaaadeoj3n5gq7dn7wt32cc4l6mzdopbhfumluhbp5haw4smiepeld7q",
                "id": "ocid1.faultdomain.oc1..aaaaaaaastlxuqylbdpmrzt75ntuv7zc46yzcxefsoavk3soazp3ks52vgeq",
                "name": "FAULT-DOMAIN-3"
              }
            ],
            "filter": null,
            "id": "2020-05-19 13:47:32.588747 +0000 UTC"
          }
        }
      ]
    },
    {
      "mode": "data",
      "type": "oci_identity_region_subscriptions",
      "name": "RegionSubscriptions",
      "provider": "provider.oci",
      "instances": [
        {
          "schema_version": 0,
          "attributes": {
            "filter": null,
            "id": "2020-05-19 13:47:32.531824 +0000 UTC",
            "region_subscriptions": [
              {
                "is_home_region": false,
                "region_key": "AMS",
                "region_name": "eu-amsterdam-1",
                "state": "READY",
                "tenancy_id": ""
              },
              {
                "is_home_region": true,
                "region_key": "FRA",
                "region_name": "eu-frankfurt-1",
                "state": "READY",
                "tenancy_id": ""
              },
              {
                "is_home_region": false,
                "region_key": "IAD",
                "region_name": "us-ashburn-1",
                "state": "READY",
                "tenancy_id": ""
              },
              {
                "is_home_region": false,
                "region_key": "ICN",
                "region_name": "ap-seoul-1",
                "state": "READY",
                "tenancy_id": ""
              },
              {
                "is_home_region": false,
                "region_key": "LHR",
                "region_name": "uk-london-1",
                "state": "READY",
                "tenancy_id": ""
              },
              {
                "is_home_region": false,
                "region_key": "NRT",
                "region_name": "ap-tokyo-1",
                "state": "READY",
                "tenancy_id": ""
              },
              {
                "is_home_region": false,
                "region_key": "PHX",
                "region_name": "us-phoenix-1",
                "state": "READY",
                "tenancy_id": ""
              },
              {
                "is_home_region": false,
                "region_key": "SYD",
                "region_name": "ap-sydney-1",
                "state": "READY",
                "tenancy_id": ""
              }
            ],
            "tenancy_id": "ocid1.tenancy.oc1..aaaaaaaadeoj3n5gq7dn7wt32cc4l6mzdopbhfumluhbp5haw4smiepeld7q"
          }
        }
      ]
    },
    {
      "mode": "data",
      "type": "template_file",
      "name": "AvailabilityDomainNames",
      "each": "list",
      "provider": "provider.template",
      "instances": [
        {
          "index_key": 0,
          "schema_version": 0,
          "attributes": {
            "filename": null,
            "id": "eba0d360677d61f4d3dd9f208c6b0f1d2c050c53784426f210882faed804d66c",
            "rendered": "TTAN:UK-LONDON-1-AD-1",
            "template": "TTAN:UK-LONDON-1-AD-1",
            "vars": null
          }
        },
        {
          "index_key": 1,
          "schema_version": 0,
          "attributes": {
            "filename": null,
            "id": "2cec461c09c919c939cc52719806f613cdcdfc04379440de5556d692132c2f8b",
            "rendered": "TTAN:UK-LONDON-1-AD-2",
            "template": "TTAN:UK-LONDON-1-AD-2",
            "vars": null
          }
        },
        {
          "index_key": 2,
          "schema_version": 0,
          "attributes": {
            "filename": null,
            "id": "df53581572f75c54b8eda75fb28b1f8bfe2d4248ebb2e8000455bedabf2dd267",
            "rendered": "TTAN:UK-LONDON-1-AD-3",
            "template": "TTAN:UK-LONDON-1-AD-3",
            "vars": null
          }
        }
      ]
    },
    {
      "mode": "managed",
      "type": "oci_core_instance",
      "name": "Okit_In001",
      "provider": "provider.oci",
      "instances": [
        {
          "schema_version": 0,
          "attributes": {
            "agent_config": [
              {
                "is_management_disabled": false,
                "is_monitoring_disabled": false
              }
            ],
            "availability_domain": "TTAN:UK-LONDON-1-AD-1",
            "boot_volume_id": "ocid1.bootvolume.oc1.uk-london-1.abwgiljtajtuiqwdv73cb4haalybybwqgwsfqw76jfourtaxlrlzyfzfiwua",
            "compartment_id": "ocid1.compartment.oc1..aaaaaaaaywbfhbbnfgyf47pq4uikio5qhqqpxxw4c34l2wpjfiiligm5jrna",
            "create_vnic_details": [
              {
                "assign_public_ip": "true",
                "defined_tags": {
                  "team_default_tags.DateTime": "2020-05-19T13:47:35.641Z",
                  "team_default_tags.PrincipalName": "oracleidentitycloudservice/paulo.pierrondi@oracle.com",
                  "team_default_tags.PrincipalType": "user"
                },
                "display_name": "okit-in001 vnic 00",
                "freeform_tags": {},
                "hostname_label": "okit-in0010",
                "nsg_ids": null,
                "private_ip": "10.0.0.3",
                "skip_source_dest_check": false,
                "subnet_id": "ocid1.subnet.oc1.uk-london-1.aaaaaaaanh75767gfvqmotjlncfzd3p7cdkilnndamjob2kelsgjhfrt67nq"
              }
            ],
            "dedicated_vm_host_id": null,
            "defined_tags": {
              "team_default_tags.DateTime": "2020-05-19T13:47:35.423Z",
              "team_default_tags.PrincipalName": "oracleidentitycloudservice/paulo.pierrondi@oracle.com",
              "team_default_tags.PrincipalType": "user"
            },
            "display_name": "okit-in001",
            "extended_metadata": null,
            "fault_domain": "FAULT-DOMAIN-1",
            "freeform_tags": {},
            "hostname_label": "okit-in0010",
            "id": "ocid1.instance.oc1.uk-london-1.anwgiljtrhx5zmacp5tnukf4wuohblt6nlw3pqq63umoml6oc35n2kyuv3sq",
            "image": "ocid1.image.oc1.uk-london-1.aaaaaaaaw5gvriwzjhzt2tnylrfnpanz5ndztyrv3zpwhlzxdbkqsjfkwxaq",
            "ipxe_script": null,
            "is_pv_encryption_in_transit_enabled": null,
            "launch_mode": "PARAVIRTUALIZED",
            "launch_options": [
              {
                "boot_volume_type": "PARAVIRTUALIZED",
                "firmware": "UEFI_64",
                "is_consistent_volume_naming_enabled": true,
                "is_pv_encryption_in_transit_enabled": false,
                "network_type": "PARAVIRTUALIZED",
                "remote_data_volume_type": "PARAVIRTUALIZED"
              }
            ],
            "metadata": {
              "ssh_authorized_keys": "ssh-rsa AAAAB3NzaC1yc2EAAAADAQABAAABAQDKWzgEY4WpJTiwNrhN9WOw7tXGnZcm2pnv1FDZaAGwjuLhnUn4YGMJMMzvrc5YhBORKmUAP1BMCcdJmWTuGr5YOx+rfQQwicIT0UScqPGXQF22d02H8XIVUXZ4F5dTVHIiTb8bR/KKnLI55WckWCrs0zqy4mxvETlyaN5B4tbIrGlu7iKwVGnBkfGu8Dk+l3Y8FAp6k9E+HHlF/giETW1GTvz77840kcPAZbl4H5KDf/uk2zws7I9RVbsnvxfzZ/jSNmJhVVPuUBN2GZr/vroS3nM2t4xNPTyEXh0/mtplxmeAADlnOqCy7UNexaB7lKl0UYhFG9I2SfJOhvZmZchv paulopierrondi@paulopierrondi-mac",
              "user_data": "I2Nsb3VkLWNvbmZpZwpwYWNrYWdlczoKLSBuZ2lueAotIG9jaS11dGlscwotIHB5dGhvbjM2Ci0gcHl0aG9uLW9jaS1jbGkKLSBodHRwZAotIHBocAotIHBvc3RncmVzcWwKLSBwb3N0Z3Jlc3FsLXNlcnZlcgoKd3JpdGVfZmlsZXM6CiAgIyBBZGQgYWxpYXNlcyB0byBiYXNoIChOb3RlOiBBdCB0aW1lIG9mIHdyaXRpbmcgdGhlIGFwcGVuZCBmbGFnIGRvZXMgbm90IGFwcGVhciB0byBiZSB3b3JraW5nKQogIC0gcGF0aDogL2V0Yy8uYmFzaHJjCiAgICBhcHBlbmQ6IHRydWUKICAgIGNvbnRlbnQ6IHwKICAgICAgYWxpYXMgbGg9J2xzIC1sYXNoJwogICAgICBhbGlhcyBsdD0nbHMgLWxhc3QnCiAgICAgIGFsaWFzIGVudj0nL3Vzci9iaW4vZW52IHwgc29ydCcKICAgICAgYWxpYXMgd2hhdHNteWlwPSdjdXJsIC1YIEdFVCBodHRwczovL3d3dy53aGF0aXNteWlwLm5ldCB8IGdyZXAgaXBhZGRyZXNzJwogICMgQ3JlYXRlIG5naW54IGluZGV4Lmh0bWwKICAtIHBhdGg6IC90bXAvaW5kZXgxLmh0bWwKICAgIHBlcm1pc3Npb25zOiAnMDY0NCcKICAgIGNvbnRlbnQ6IHwKICAgICAgPGh0bWw+CiAgICAgIDxoZWFkPgogICAgICA8dGl0bGU+T0NJIExvYWRiYWxhbmNlciBiYWNrZW5kIHtob3N0bmFtZX08L3RpdGxlPgogICAgICA8bWV0YSBodHRwLWVxdWl2PSJDb250ZW50LVR5cGUiIGNvbnRlbnQ9InRleHQvaHRtbDsgY2hhcnNldD1VVEYtOCIgLz4KICAgICAgPG1ldGEgaHR0cC1lcXVpdj0icmVmcmVzaCIgY29udGVudD0iMTAiIC8+CiAgICAgIDxzdHlsZT4KICAgICAgYm9keSB7CiAgICAgIGJhY2tncm91bmQtaW1hZ2U6IHVybCgiYmcuanBnIik7CiAgICAgIGJhY2tncm91bmQtcmVwZWF0OiBuby1yZXBlYXQ7CiAgICAgIGJhY2tncm91bmQtc2l6ZTogY29udGFpbjsKICAgICAgYmFja2dyb3VuZC1wb3NpdGlvbjogY2VudGVyOwogICAgICB9CiAgICAgIGgxIHsKICAgICAgdGV4dC1hbGlnbjogY2VudGVyOwogICAgICB3aWR0aDogMTAwJTsKICAgICAgfQogICAgICA8L3N0eWxlPgogICAgICA8L2hlYWQ+CiAgICAgIDxib2R5PgogICAgICA8aDE+T0NJIFJlZ2lvbmFsIFN1Ym5ldCBMb2FkYmFsYW5jZXIgQmFja2VuZCB7aG9zdG5hbWV9PC9oMT4KICAgICAgPC9ib2R5PgogICAgICA8L2h0bWw+CgpydW5jbWQ6CiAgIyBFbmFibGUgbmdpbngKICAtIHN1ZG8gc3lzdGVtY3RsIGVuYWJsZSBuZ2lueC5zZXJ2aWNlCiAgLSBzdWRvIGFwYWNoZWN0bCBzdGFydAogIC0gc3VkbyBzeXN0ZW1jdGwgZW5hYmxlIGh0dHBkCiAgLSBzdWRvIGNwIC12IC90bXAvaW5kZXgxLmh0bWwgL3Zhci93d3cvaHRtbC9pbmRleC5odG1sCiAgLSBzdWRvIHNlZCAtaSAicy97aG9zdG5hbWV9LyQoaG9zdG5hbWUpL2ciIC92YXIvd3d3L2h0bWwvaW5kZXguaHRtbAogIC0gc3VkbyBzeXN0ZW1jdGwgc3RhcnQgbmdpbnguc2VydmljZQogIC0gc3VkbyBhcGFjaGVjdGwgc3RhcnQKICAjIFNldCBGaXJld2FsbCBSdWxlcwogIC0gc3VkbyBmaXJld2FsbC1vZmZsaW5lLWNtZCAgLS1hZGQtcG9ydD04MC90Y3AKICAtIHN1ZG8gc3lzdGVtY3RsIHJlc3RhcnQgZmlyZXdhbGxkCiAgLSBzdWRvIGZpcmV3YWxsLWNtZCAtLXJlbG9hZAogICMgQWRkIGFkZGl0aW9uYWwgZW52aXJvbm1lbnQgaW5mb3JtYXRpb24gYmVjYXVzZSBhcHBlbmQgZG9lcyBub3QgYXBwZWFyIHRvIHdvcmsgaW4gd3JpdGVfZmlsZQogIC0gc3VkbyBiYXNoIC1jICJlY2hvICdzb3VyY2UgL2V0Yy8uYmFzaHJjJyA+PiAvZXRjL2Jhc2hyYyIKCmZpbmFsX21lc3NhZ2U6ICIqKioqIFRoZSBzeXN0ZW0gaXMgZmluYWxseSB1cCwgYWZ0ZXIgJFVQVElNRSBzZWNvbmRzICoqKioiCg=="
            },
            "preserve_boot_volume": false,
            "private_ip": "10.0.0.3",
            "public_ip": "140.238.70.201",
            "region": "uk-london-1",
            "shape": "VM.Standard.E2.1",
            "shape_config": [
              {
                "gpu_description": "",
                "gpus": 0,
                "local_disk_description": "",
                "local_disks": 0,
                "local_disks_total_size_in_gbs": 0,
                "max_vnic_attachments": 2,
                "memory_in_gbs": 8,
                "networking_bandwidth_in_gbps": 0.699999988079071,
                "ocpus": 1,
                "processor_description": "2.0 GHz AMD EPYC™ 7551 (Naples)"
              }
            ],
            "source_details": [
              {
                "boot_volume_size_in_gbs": "50",
                "kms_key_id": "",
                "source_id": "ocid1.image.oc1.uk-london-1.aaaaaaaaw5gvriwzjhzt2tnylrfnpanz5ndztyrv3zpwhlzxdbkqsjfkwxaq",
                "source_type": "image"
              }
            ],
            "state": "RUNNING",
            "subnet_id": "ocid1.subnet.oc1.uk-london-1.aaaaaaaanh75767gfvqmotjlncfzd3p7cdkilnndamjob2kelsgjhfrt67nq",
            "system_tags": {},
            "time_created": "2020-05-19 13:47:36.357 +0000 UTC",
            "time_maintenance_reboot_due": "",
            "timeouts": null
          },
          "private": "eyJlMmJmYjczMC1lY2FhLTExZTYtOGY4OC0zNDM2M2JjN2M0YzAiOnsiY3JlYXRlIjo3MjAwMDAwMDAwMDAwLCJkZWxldGUiOjcyMDAwMDAwMDAwMDAsInVwZGF0ZSI6NzIwMDAwMDAwMDAwMH19",
          "dependencies": [
            "oci_core_internet_gateway.Okit_Ig001",
            "oci_core_route_table.Okit_Rt001",
            "oci_core_security_list.Okit_Sl001",
            "oci_core_security_list.Secuprivate",
            "oci_core_subnet.Okit_Sn001",
            "oci_core_vcn.Okit_Vcn001"
          ]
        }
      ]
    },
    {
      "mode": "managed",
      "type": "oci_core_instance",
      "name": "Okit_In002",
      "provider": "provider.oci",
      "instances": [
        {
          "schema_version": 0,
          "attributes": {
            "agent_config": [
              {
                "is_management_disabled": false,
                "is_monitoring_disabled": false
              }
            ],
            "availability_domain": "TTAN:UK-LONDON-1-AD-1",
            "boot_volume_id": "ocid1.bootvolume.oc1.uk-london-1.abwgiljtxex6iwwdhvyi7enmepwusn537wz27yu4diexr57wzhuhlej3kvyq",
            "compartment_id": "ocid1.compartment.oc1..aaaaaaaaywbfhbbnfgyf47pq4uikio5qhqqpxxw4c34l2wpjfiiligm5jrna",
            "create_vnic_details": [
              {
                "assign_public_ip": "true",
                "defined_tags": {
                  "team_default_tags.DateTime": "2020-05-19T13:47:35.553Z",
                  "team_default_tags.PrincipalName": "oracleidentitycloudservice/paulo.pierrondi@oracle.com",
                  "team_default_tags.PrincipalType": "user"
                },
                "display_name": "okit-in002 vnic 00",
                "freeform_tags": {},
                "hostname_label": "okit-in0020",
                "nsg_ids": null,
                "private_ip": "10.0.0.2",
                "skip_source_dest_check": false,
                "subnet_id": "ocid1.subnet.oc1.uk-london-1.aaaaaaaanh75767gfvqmotjlncfzd3p7cdkilnndamjob2kelsgjhfrt67nq"
              }
            ],
            "dedicated_vm_host_id": null,
            "defined_tags": {
              "team_default_tags.DateTime": "2020-05-19T13:47:35.306Z",
              "team_default_tags.PrincipalName": "oracleidentitycloudservice/paulo.pierrondi@oracle.com",
              "team_default_tags.PrincipalType": "user"
            },
            "display_name": "okit-in002",
            "extended_metadata": null,
            "fault_domain": "FAULT-DOMAIN-2",
            "freeform_tags": {},
            "hostname_label": "okit-in0020",
            "id": "ocid1.instance.oc1.uk-london-1.anwgiljtrhx5zmacptl776klghqq4rm7he67z5fl7oyuoyhun7fawzwnzk3q",
            "image": "ocid1.image.oc1.uk-london-1.aaaaaaaaw5gvriwzjhzt2tnylrfnpanz5ndztyrv3zpwhlzxdbkqsjfkwxaq",
            "ipxe_script": null,
            "is_pv_encryption_in_transit_enabled": null,
            "launch_mode": "PARAVIRTUALIZED",
            "launch_options": [
              {
                "boot_volume_type": "PARAVIRTUALIZED",
                "firmware": "UEFI_64",
                "is_consistent_volume_naming_enabled": true,
                "is_pv_encryption_in_transit_enabled": false,
                "network_type": "PARAVIRTUALIZED",
                "remote_data_volume_type": "PARAVIRTUALIZED"
              }
            ],
            "metadata": {
              "ssh_authorized_keys": "ssh-rsa AAAAB3NzaC1yc2EAAAADAQABAAABAQDKWzgEY4WpJTiwNrhN9WOw7tXGnZcm2pnv1FDZaAGwjuLhnUn4YGMJMMzvrc5YhBORKmUAP1BMCcdJmWTuGr5YOx+rfQQwicIT0UScqPGXQF22d02H8XIVUXZ4F5dTVHIiTb8bR/KKnLI55WckWCrs0zqy4mxvETlyaN5B4tbIrGlu7iKwVGnBkfGu8Dk+l3Y8FAp6k9E+HHlF/giETW1GTvz77840kcPAZbl4H5KDf/uk2zws7I9RVbsnvxfzZ/jSNmJhVVPuUBN2GZr/vroS3nM2t4xNPTyEXh0/mtplxmeAADlnOqCy7UNexaB7lKl0UYhFG9I2SfJOhvZmZchv paulopierrondi@paulopierrondi-mac",
              "user_data": "I2Nsb3VkLWNvbmZpZwpwYWNrYWdlczoKLSBuZ2lueAotIG9jaS11dGlscwotIHB5dGhvbjM2Ci0gcHl0aG9uLW9jaS1jbGkKLSBodHRwZAotIHBocAotIHBvc3RncmVzcWwKLSBwb3N0Z3Jlc3FsLXNlcnZlcgoKd3JpdGVfZmlsZXM6CiAgIyBBZGQgYWxpYXNlcyB0byBiYXNoIChOb3RlOiBBdCB0aW1lIG9mIHdyaXRpbmcgdGhlIGFwcGVuZCBmbGFnIGRvZXMgbm90IGFwcGVhciB0byBiZSB3b3JraW5nKQogIC0gcGF0aDogL2V0Yy8uYmFzaHJjCiAgICBhcHBlbmQ6IHRydWUKICAgIGNvbnRlbnQ6IHwKICAgICAgYWxpYXMgbGg9J2xzIC1sYXNoJwogICAgICBhbGlhcyBsdD0nbHMgLWxhc3QnCiAgICAgIGFsaWFzIGVudj0nL3Vzci9iaW4vZW52IHwgc29ydCcKICAgICAgYWxpYXMgd2hhdHNteWlwPSdjdXJsIC1YIEdFVCBodHRwczovL3d3dy53aGF0aXNteWlwLm5ldCB8IGdyZXAgaXBhZGRyZXNzJwogICMgQ3JlYXRlIG5naW54IGluZGV4Lmh0bWwKICAtIHBhdGg6IC90bXAvaW5kZXgxLmh0bWwKICAgIHBlcm1pc3Npb25zOiAnMDY0NCcKICAgIGNvbnRlbnQ6IHwKICAgICAgPGh0bWw+CiAgICAgIDxoZWFkPgogICAgICA8dGl0bGU+T0NJIExvYWRiYWxhbmNlciBiYWNrZW5kIHtob3N0bmFtZX08L3RpdGxlPgogICAgICA8bWV0YSBodHRwLWVxdWl2PSJDb250ZW50LVR5cGUiIGNvbnRlbnQ9InRleHQvaHRtbDsgY2hhcnNldD1VVEYtOCIgLz4KICAgICAgPG1ldGEgaHR0cC1lcXVpdj0icmVmcmVzaCIgY29udGVudD0iMTAiIC8+CiAgICAgIDxzdHlsZT4KICAgICAgYm9keSB7CiAgICAgIGJhY2tncm91bmQtaW1hZ2U6IHVybCgiYmcuanBnIik7CiAgICAgIGJhY2tncm91bmQtcmVwZWF0OiBuby1yZXBlYXQ7CiAgICAgIGJhY2tncm91bmQtc2l6ZTogY29udGFpbjsKICAgICAgYmFja2dyb3VuZC1wb3NpdGlvbjogY2VudGVyOwogICAgICB9CiAgICAgIGgxIHsKICAgICAgdGV4dC1hbGlnbjogY2VudGVyOwogICAgICB3aWR0aDogMTAwJTsKICAgICAgfQogICAgICA8L3N0eWxlPgogICAgICA8L2hlYWQ+CiAgICAgIDxib2R5PgogICAgICA8aDE+T0NJIFJlZ2lvbmFsIFN1Ym5ldCBMb2FkYmFsYW5jZXIgQmFja2VuZCB7aG9zdG5hbWV9PC9oMT4KICAgICAgPC9ib2R5PgogICAgICA8L2h0bWw+CgpydW5jbWQ6CiAgIyBFbmFibGUgbmdpbngKICAtIHN1ZG8gc3lzdGVtY3RsIGVuYWJsZSBuZ2lueC5zZXJ2aWNlCiAgLSBzdWRvIGFwYWNoZWN0bCBzdGFydAogIC0gc3VkbyBzeXN0ZW1jdGwgZW5hYmxlIGh0dHBkCiAgLSBzdWRvIGNwIC12IC90bXAvaW5kZXgxLmh0bWwgL3Zhci93d3cvaHRtbC9pbmRleC5odG1sCiAgLSBzdWRvIHNlZCAtaSAicy97aG9zdG5hbWV9LyQoaG9zdG5hbWUpL2ciIC92YXIvd3d3L2h0bWwvaW5kZXguaHRtbAogIC0gc3VkbyBzeXN0ZW1jdGwgc3RhcnQgbmdpbnguc2VydmljZQogIC0gc3VkbyBhcGFjaGVjdGwgc3RhcnQKICAjIFNldCBGaXJld2FsbCBSdWxlcwogIC0gc3VkbyBmaXJld2FsbC1vZmZsaW5lLWNtZCAgLS1hZGQtcG9ydD04MC90Y3AKICAtIHN1ZG8gc3lzdGVtY3RsIHJlc3RhcnQgZmlyZXdhbGxkCiAgLSBzdWRvIGZpcmV3YWxsLWNtZCAtLXJlbG9hZAogICMgQWRkIGFkZGl0aW9uYWwgZW52aXJvbm1lbnQgaW5mb3JtYXRpb24gYmVjYXVzZSBhcHBlbmQgZG9lcyBub3QgYXBwZWFyIHRvIHdvcmsgaW4gd3JpdGVfZmlsZQogIC0gc3VkbyBiYXNoIC1jICJlY2hvICdzb3VyY2UgL2V0Yy8uYmFzaHJjJyA+PiAvZXRjL2Jhc2hyYyIKCmZpbmFsX21lc3NhZ2U6ICIqKioqIFRoZSBzeXN0ZW0gaXMgZmluYWxseSB1cCwgYWZ0ZXIgJFVQVElNRSBzZWNvbmRzICoqKioiCg=="
            },
            "preserve_boot_volume": false,
            "private_ip": "10.0.0.2",
            "public_ip": "132.145.59.113",
            "region": "uk-london-1",
            "shape": "VM.Standard.E2.1",
            "shape_config": [
              {
                "gpu_description": "",
                "gpus": 0,
                "local_disk_description": "",
                "local_disks": 0,
                "local_disks_total_size_in_gbs": 0,
                "max_vnic_attachments": 2,
                "memory_in_gbs": 8,
                "networking_bandwidth_in_gbps": 0.699999988079071,
                "ocpus": 1,
                "processor_description": "2.0 GHz AMD EPYC™ 7551 (Naples)"
              }
            ],
            "source_details": [
              {
                "boot_volume_size_in_gbs": "50",
                "kms_key_id": "",
                "source_id": "ocid1.image.oc1.uk-london-1.aaaaaaaaw5gvriwzjhzt2tnylrfnpanz5ndztyrv3zpwhlzxdbkqsjfkwxaq",
                "source_type": "image"
              }
            ],
            "state": "RUNNING",
            "subnet_id": "ocid1.subnet.oc1.uk-london-1.aaaaaaaanh75767gfvqmotjlncfzd3p7cdkilnndamjob2kelsgjhfrt67nq",
            "system_tags": {},
            "time_created": "2020-05-19 13:47:36.202 +0000 UTC",
            "time_maintenance_reboot_due": "",
            "timeouts": null
          },
          "private": "eyJlMmJmYjczMC1lY2FhLTExZTYtOGY4OC0zNDM2M2JjN2M0YzAiOnsiY3JlYXRlIjo3MjAwMDAwMDAwMDAwLCJkZWxldGUiOjcyMDAwMDAwMDAwMDAsInVwZGF0ZSI6NzIwMDAwMDAwMDAwMH19",
          "dependencies": [
            "oci_core_internet_gateway.Okit_Ig001",
            "oci_core_route_table.Okit_Rt001",
            "oci_core_security_list.Okit_Sl001",
            "oci_core_security_list.Secuprivate",
            "oci_core_subnet.Okit_Sn001",
            "oci_core_vcn.Okit_Vcn001"
          ]
        }
      ]
    },
    {
      "mode": "managed",
      "type": "oci_core_instance",
      "name": "Okit_In003",
      "provider": "provider.oci",
      "instances": [
        {
          "schema_version": 0,
          "attributes": {
            "agent_config": [
              {
                "is_management_disabled": false,
                "is_monitoring_disabled": false
              }
            ],
            "availability_domain": "TTAN:UK-LONDON-1-AD-1",
            "boot_volume_id": "ocid1.bootvolume.oc1.uk-london-1.abwgiljt5btbz6u42wmiuo6v65ltgf4cj4u2y7homiqbsqe23vf2hnuyyq2a",
            "compartment_id": "ocid1.compartment.oc1..aaaaaaaaywbfhbbnfgyf47pq4uikio5qhqqpxxw4c34l2wpjfiiligm5jrna",
            "create_vnic_details": [
              {
                "assign_public_ip": "true",
                "defined_tags": {
                  "team_default_tags.DateTime": "2020-05-19T13:47:35.665Z",
                  "team_default_tags.PrincipalName": "oracleidentitycloudservice/paulo.pierrondi@oracle.com",
                  "team_default_tags.PrincipalType": "user"
                },
                "display_name": "okit-in003 vnic 00",
                "freeform_tags": {},
                "hostname_label": "okit-in0030",
                "nsg_ids": null,
                "private_ip": "10.0.0.4",
                "skip_source_dest_check": false,
                "subnet_id": "ocid1.subnet.oc1.uk-london-1.aaaaaaaanh75767gfvqmotjlncfzd3p7cdkilnndamjob2kelsgjhfrt67nq"
              }
            ],
            "dedicated_vm_host_id": null,
            "defined_tags": {
              "team_default_tags.DateTime": "2020-05-19T13:47:35.434Z",
              "team_default_tags.PrincipalName": "oracleidentitycloudservice/paulo.pierrondi@oracle.com",
              "team_default_tags.PrincipalType": "user"
            },
            "display_name": "okit-in003",
            "extended_metadata": null,
            "fault_domain": "FAULT-DOMAIN-3",
            "freeform_tags": {},
            "hostname_label": "okit-in0030",
            "id": "ocid1.instance.oc1.uk-london-1.anwgiljtrhx5zmacnyqrbo2ikslo4ddqxjux4d37wd3kx6xz7itga5jwlqeq",
            "image": "ocid1.image.oc1.uk-london-1.aaaaaaaaw5gvriwzjhzt2tnylrfnpanz5ndztyrv3zpwhlzxdbkqsjfkwxaq",
            "ipxe_script": null,
            "is_pv_encryption_in_transit_enabled": null,
            "launch_mode": "PARAVIRTUALIZED",
            "launch_options": [
              {
                "boot_volume_type": "PARAVIRTUALIZED",
                "firmware": "UEFI_64",
                "is_consistent_volume_naming_enabled": true,
                "is_pv_encryption_in_transit_enabled": false,
                "network_type": "PARAVIRTUALIZED",
                "remote_data_volume_type": "PARAVIRTUALIZED"
              }
            ],
            "metadata": {
              "ssh_authorized_keys": "ssh-rsa AAAAB3NzaC1yc2EAAAADAQABAAABAQDKWzgEY4WpJTiwNrhN9WOw7tXGnZcm2pnv1FDZaAGwjuLhnUn4YGMJMMzvrc5YhBORKmUAP1BMCcdJmWTuGr5YOx+rfQQwicIT0UScqPGXQF22d02H8XIVUXZ4F5dTVHIiTb8bR/KKnLI55WckWCrs0zqy4mxvETlyaN5B4tbIrGlu7iKwVGnBkfGu8Dk+l3Y8FAp6k9E+HHlF/giETW1GTvz77840kcPAZbl4H5KDf/uk2zws7I9RVbsnvxfzZ/jSNmJhVVPuUBN2GZr/vroS3nM2t4xNPTyEXh0/mtplxmeAADlnOqCy7UNexaB7lKl0UYhFG9I2SfJOhvZmZchv paulopierrondi@paulopierrondi-mac",
              "user_data": "I2Nsb3VkLWNvbmZpZwpwYWNrYWdlczoKLSBuZ2lueAotIG9jaS11dGlscwotIHB5dGhvbjM2Ci0gcHl0aG9uLW9jaS1jbGkKLSBodHRwZAotIHBocAotIHBvc3RncmVzcWwKLSBwb3N0Z3Jlc3FsLXNlcnZlcgoKd3JpdGVfZmlsZXM6CiAgIyBBZGQgYWxpYXNlcyB0byBiYXNoIChOb3RlOiBBdCB0aW1lIG9mIHdyaXRpbmcgdGhlIGFwcGVuZCBmbGFnIGRvZXMgbm90IGFwcGVhciB0byBiZSB3b3JraW5nKQogIC0gcGF0aDogL2V0Yy8uYmFzaHJjCiAgICBhcHBlbmQ6IHRydWUKICAgIGNvbnRlbnQ6IHwKICAgICAgYWxpYXMgbGg9J2xzIC1sYXNoJwogICAgICBhbGlhcyBsdD0nbHMgLWxhc3QnCiAgICAgIGFsaWFzIGVudj0nL3Vzci9iaW4vZW52IHwgc29ydCcKICAgICAgYWxpYXMgd2hhdHNteWlwPSdjdXJsIC1YIEdFVCBodHRwczovL3d3dy53aGF0aXNteWlwLm5ldCB8IGdyZXAgaXBhZGRyZXNzJwogICMgQ3JlYXRlIG5naW54IGluZGV4Lmh0bWwKICAtIHBhdGg6IC90bXAvaW5kZXgxLmh0bWwKICAgIHBlcm1pc3Npb25zOiAnMDY0NCcKICAgIGNvbnRlbnQ6IHwKICAgICAgPGh0bWw+CiAgICAgIDxoZWFkPgogICAgICA8dGl0bGU+T0NJIExvYWRiYWxhbmNlciBiYWNrZW5kIHtob3N0bmFtZX08L3RpdGxlPgogICAgICA8bWV0YSBodHRwLWVxdWl2PSJDb250ZW50LVR5cGUiIGNvbnRlbnQ9InRleHQvaHRtbDsgY2hhcnNldD1VVEYtOCIgLz4KICAgICAgPG1ldGEgaHR0cC1lcXVpdj0icmVmcmVzaCIgY29udGVudD0iMTAiIC8+CiAgICAgIDxzdHlsZT4KICAgICAgYm9keSB7CiAgICAgIGJhY2tncm91bmQtaW1hZ2U6IHVybCgiYmcuanBnIik7CiAgICAgIGJhY2tncm91bmQtcmVwZWF0OiBuby1yZXBlYXQ7CiAgICAgIGJhY2tncm91bmQtc2l6ZTogY29udGFpbjsKICAgICAgYmFja2dyb3VuZC1wb3NpdGlvbjogY2VudGVyOwogICAgICB9CiAgICAgIGgxIHsKICAgICAgdGV4dC1hbGlnbjogY2VudGVyOwogICAgICB3aWR0aDogMTAwJTsKICAgICAgfQogICAgICA8L3N0eWxlPgogICAgICA8L2hlYWQ+CiAgICAgIDxib2R5PgogICAgICA8aDE+T0NJIFJlZ2lvbmFsIFN1Ym5ldCBMb2FkYmFsYW5jZXIgQmFja2VuZCB7aG9zdG5hbWV9PC9oMT4KICAgICAgPC9ib2R5PgogICAgICA8L2h0bWw+CgpydW5jbWQ6CiAgIyBFbmFibGUgbmdpbngKICAtIHN1ZG8gc3lzdGVtY3RsIGVuYWJsZSBuZ2lueC5zZXJ2aWNlCiAgLSBzdWRvIGFwYWNoZWN0bCBzdGFydAogIC0gc3VkbyBzeXN0ZW1jdGwgZW5hYmxlIGh0dHBkCiAgLSBzdWRvIGNwIC12IC90bXAvaW5kZXgxLmh0bWwgL3Zhci93d3cvaHRtbC9pbmRleC5odG1sCiAgLSBzdWRvIHNlZCAtaSAicy97aG9zdG5hbWV9LyQoaG9zdG5hbWUpL2ciIC92YXIvd3d3L2h0bWwvaW5kZXguaHRtbAogIC0gc3VkbyBzeXN0ZW1jdGwgc3RhcnQgbmdpbnguc2VydmljZQogIC0gc3VkbyBhcGFjaGVjdGwgc3RhcnQKICAjIFNldCBGaXJld2FsbCBSdWxlcwogIC0gc3VkbyBmaXJld2FsbC1vZmZsaW5lLWNtZCAgLS1hZGQtcG9ydD04MC90Y3AKICAtIHN1ZG8gc3lzdGVtY3RsIHJlc3RhcnQgZmlyZXdhbGxkCiAgLSBzdWRvIGZpcmV3YWxsLWNtZCAtLXJlbG9hZAogICMgQWRkIGFkZGl0aW9uYWwgZW52aXJvbm1lbnQgaW5mb3JtYXRpb24gYmVjYXVzZSBhcHBlbmQgZG9lcyBub3QgYXBwZWFyIHRvIHdvcmsgaW4gd3JpdGVfZmlsZQogIC0gc3VkbyBiYXNoIC1jICJlY2hvICdzb3VyY2UgL2V0Yy8uYmFzaHJjJyA+PiAvZXRjL2Jhc2hyYyIKCmZpbmFsX21lc3NhZ2U6ICIqKioqIFRoZSBzeXN0ZW0gaXMgZmluYWxseSB1cCwgYWZ0ZXIgJFVQVElNRSBzZWNvbmRzICoqKioiCg=="
            },
            "preserve_boot_volume": false,
            "private_ip": "10.0.0.4",
            "public_ip": "132.145.50.153",
            "region": "uk-london-1",
            "shape": "VM.Standard.E2.1",
            "shape_config": [
              {
                "gpu_description": "",
                "gpus": 0,
                "local_disk_description": "",
                "local_disks": 0,
                "local_disks_total_size_in_gbs": 0,
                "max_vnic_attachments": 2,
                "memory_in_gbs": 8,
                "networking_bandwidth_in_gbps": 0.699999988079071,
                "ocpus": 1,
                "processor_description": "2.0 GHz AMD EPYC™ 7551 (Naples)"
              }
            ],
            "source_details": [
              {
                "boot_volume_size_in_gbs": "50",
                "kms_key_id": "",
                "source_id": "ocid1.image.oc1.uk-london-1.aaaaaaaaw5gvriwzjhzt2tnylrfnpanz5ndztyrv3zpwhlzxdbkqsjfkwxaq",
                "source_type": "image"
              }
            ],
            "state": "RUNNING",
            "subnet_id": "ocid1.subnet.oc1.uk-london-1.aaaaaaaanh75767gfvqmotjlncfzd3p7cdkilnndamjob2kelsgjhfrt67nq",
            "system_tags": {},
            "time_created": "2020-05-19 13:47:36.482 +0000 UTC",
            "time_maintenance_reboot_due": "",
            "timeouts": null
          },
          "private": "eyJlMmJmYjczMC1lY2FhLTExZTYtOGY4OC0zNDM2M2JjN2M0YzAiOnsiY3JlYXRlIjo3MjAwMDAwMDAwMDAwLCJkZWxldGUiOjcyMDAwMDAwMDAwMDAsInVwZGF0ZSI6NzIwMDAwMDAwMDAwMH19",
          "dependencies": [
            "oci_core_internet_gateway.Okit_Ig001",
            "oci_core_route_table.Okit_Rt001",
            "oci_core_security_list.Okit_Sl001",
            "oci_core_security_list.Secuprivate",
            "oci_core_subnet.Okit_Sn001",
            "oci_core_vcn.Okit_Vcn001"
          ]
        }
      ]
    },
    {
      "mode": "managed",
      "type": "oci_core_instance",
      "name": "Okit_In004",
      "provider": "provider.oci",
      "instances": [
        {
          "schema_version": 0,
          "attributes": {
            "agent_config": [
              {
                "is_management_disabled": false,
                "is_monitoring_disabled": false
              }
            ],
            "availability_domain": "TTAN:UK-LONDON-1-AD-1",
            "boot_volume_id": "ocid1.bootvolume.oc1.uk-london-1.abwgiljtoaymrfvwcfv6s57ae2bt7sjhsdjgrk3eyyohijeibqpn3cjazsqq",
            "compartment_id": "ocid1.compartment.oc1..aaaaaaaaywbfhbbnfgyf47pq4uikio5qhqqpxxw4c34l2wpjfiiligm5jrna",
            "create_vnic_details": [
              {
                "assign_public_ip": "false",
                "defined_tags": {
                  "team_default_tags.DateTime": "2020-05-19T13:47:36.255Z",
                  "team_default_tags.PrincipalName": "oracleidentitycloudservice/paulo.pierrondi@oracle.com",
                  "team_default_tags.PrincipalType": "user"
                },
                "display_name": "okit-in004 vnic 00",
                "freeform_tags": {},
                "hostname_label": "okit-in0040",
                "nsg_ids": null,
                "private_ip": "10.0.1.2",
                "skip_source_dest_check": false,
                "subnet_id": "ocid1.subnet.oc1.uk-london-1.aaaaaaaalje4r4lyxbyg5lcwywm4wx4ni25r3e3vrtfbq3m6mqtn7nne7xdq"
              }
            ],
            "dedicated_vm_host_id": null,
            "defined_tags": {
              "team_default_tags.DateTime": "2020-05-19T13:47:35.921Z",
              "team_default_tags.PrincipalName": "oracleidentitycloudservice/paulo.pierrondi@oracle.com",
              "team_default_tags.PrincipalType": "user"
            },
            "display_name": "okit-in004",
            "extended_metadata": null,
            "fault_domain": "FAULT-DOMAIN-2",
            "freeform_tags": {},
            "hostname_label": "okit-in0040",
            "id": "ocid1.instance.oc1.uk-london-1.anwgiljtrhx5zmacbwoshsz3wmike6sj7wckuqmtnub2druqjonxt4sbjy7q",
            "image": "ocid1.image.oc1.uk-london-1.aaaaaaaaw5gvriwzjhzt2tnylrfnpanz5ndztyrv3zpwhlzxdbkqsjfkwxaq",
            "ipxe_script": null,
            "is_pv_encryption_in_transit_enabled": null,
            "launch_mode": "PARAVIRTUALIZED",
            "launch_options": [
              {
                "boot_volume_type": "PARAVIRTUALIZED",
                "firmware": "UEFI_64",
                "is_consistent_volume_naming_enabled": true,
                "is_pv_encryption_in_transit_enabled": false,
                "network_type": "PARAVIRTUALIZED",
                "remote_data_volume_type": "PARAVIRTUALIZED"
              }
            ],
            "metadata": {
              "ssh_authorized_keys": "ssh-rsa AAAAB3NzaC1yc2EAAAADAQABAAABAQDKWzgEY4WpJTiwNrhN9WOw7tXGnZcm2pnv1FDZaAGwjuLhnUn4YGMJMMzvrc5YhBORKmUAP1BMCcdJmWTuGr5YOx+rfQQwicIT0UScqPGXQF22d02H8XIVUXZ4F5dTVHIiTb8bR/KKnLI55WckWCrs0zqy4mxvETlyaN5B4tbIrGlu7iKwVGnBkfGu8Dk+l3Y8FAp6k9E+HHlF/giETW1GTvz77840kcPAZbl4H5KDf/uk2zws7I9RVbsnvxfzZ/jSNmJhVVPuUBN2GZr/vroS3nM2t4xNPTyEXh0/mtplxmeAADlnOqCy7UNexaB7lKl0UYhFG9I2SfJOhvZmZchv paulopierrondi@paulopierrondi-mac",
              "user_data": "I2Nsb3VkLWNvbmZpZwpwYWNrYWdlczoKLSBuZ2lueAotIG9jaS11dGlscwotIHB5dGhvbjM2Ci0gcHl0aG9uLW9jaS1jbGkKLSBodHRwZAotIHBocAotIHBvc3RncmVzcWwKLSBwb3N0Z3Jlc3FsLXNlcnZlcgoKd3JpdGVfZmlsZXM6CiAgIyBBZGQgYWxpYXNlcyB0byBiYXNoIChOb3RlOiBBdCB0aW1lIG9mIHdyaXRpbmcgdGhlIGFwcGVuZCBmbGFnIGRvZXMgbm90IGFwcGVhciB0byBiZSB3b3JraW5nKQogIC0gcGF0aDogL2V0Yy8uYmFzaHJjCiAgICBhcHBlbmQ6IHRydWUKICAgIGNvbnRlbnQ6IHwKICAgICAgYWxpYXMgbGg9J2xzIC1sYXNoJwogICAgICBhbGlhcyBsdD0nbHMgLWxhc3QnCiAgICAgIGFsaWFzIGVudj0nL3Vzci9iaW4vZW52IHwgc29ydCcKICAgICAgYWxpYXMgd2hhdHNteWlwPSdjdXJsIC1YIEdFVCBodHRwczovL3d3dy53aGF0aXNteWlwLm5ldCB8IGdyZXAgaXBhZGRyZXNzJwogICMgQ3JlYXRlIG5naW54IGluZGV4Lmh0bWwKICAtIHBhdGg6IC90bXAvaW5kZXgxLmh0bWwKICAgIHBlcm1pc3Npb25zOiAnMDY0NCcKICAgIGNvbnRlbnQ6IHwKICAgICAgPGh0bWw+CiAgICAgIDxoZWFkPgogICAgICA8dGl0bGU+T0NJIExvYWRiYWxhbmNlciBiYWNrZW5kIHtob3N0bmFtZX08L3RpdGxlPgogICAgICA8bWV0YSBodHRwLWVxdWl2PSJDb250ZW50LVR5cGUiIGNvbnRlbnQ9InRleHQvaHRtbDsgY2hhcnNldD1VVEYtOCIgLz4KICAgICAgPG1ldGEgaHR0cC1lcXVpdj0icmVmcmVzaCIgY29udGVudD0iMTAiIC8+CiAgICAgIDxzdHlsZT4KICAgICAgYm9keSB7CiAgICAgIGJhY2tncm91bmQtaW1hZ2U6IHVybCgiYmcuanBnIik7CiAgICAgIGJhY2tncm91bmQtcmVwZWF0OiBuby1yZXBlYXQ7CiAgICAgIGJhY2tncm91bmQtc2l6ZTogY29udGFpbjsKICAgICAgYmFja2dyb3VuZC1wb3NpdGlvbjogY2VudGVyOwogICAgICB9CiAgICAgIGgxIHsKICAgICAgdGV4dC1hbGlnbjogY2VudGVyOwogICAgICB3aWR0aDogMTAwJTsKICAgICAgfQogICAgICA8L3N0eWxlPgogICAgICA8L2hlYWQ+CiAgICAgIDxib2R5PgogICAgICA8aDE+T0NJIFJlZ2lvbmFsIFN1Ym5ldCBMb2FkYmFsYW5jZXIgQmFja2VuZCB7aG9zdG5hbWV9PC9oMT4KICAgICAgPC9ib2R5PgogICAgICA8L2h0bWw+CgpydW5jbWQ6CiAgIyBFbmFibGUgbmdpbngKICAtIHN1ZG8gc3lzdGVtY3RsIGVuYWJsZSBuZ2lueC5zZXJ2aWNlCiAgLSBzdWRvIGFwYWNoZWN0bCBzdGFydAogIC0gc3VkbyBzeXN0ZW1jdGwgZW5hYmxlIGh0dHBkCiAgLSBzdWRvIGNwIC12IC90bXAvaW5kZXgxLmh0bWwgL3Zhci93d3cvaHRtbC9pbmRleC5odG1sCiAgLSBzdWRvIHNlZCAtaSAicy97aG9zdG5hbWV9LyQoaG9zdG5hbWUpL2ciIC92YXIvd3d3L2h0bWwvaW5kZXguaHRtbAogIC0gc3VkbyBzeXN0ZW1jdGwgc3RhcnQgbmdpbnguc2VydmljZQogIC0gc3VkbyBhcGFjaGVjdGwgc3RhcnQKICAjIFNldCBGaXJld2FsbCBSdWxlcwogIC0gc3VkbyBmaXJld2FsbC1vZmZsaW5lLWNtZCAgLS1hZGQtcG9ydD04MC90Y3AKICAtIHN1ZG8gc3lzdGVtY3RsIHJlc3RhcnQgZmlyZXdhbGxkCiAgLSBzdWRvIGZpcmV3YWxsLWNtZCAtLXJlbG9hZAogICMgQWRkIGFkZGl0aW9uYWwgZW52aXJvbm1lbnQgaW5mb3JtYXRpb24gYmVjYXVzZSBhcHBlbmQgZG9lcyBub3QgYXBwZWFyIHRvIHdvcmsgaW4gd3JpdGVfZmlsZQogIC0gc3VkbyBiYXNoIC1jICJlY2hvICdzb3VyY2UgL2V0Yy8uYmFzaHJjJyA+PiAvZXRjL2Jhc2hyYyIKCmZpbmFsX21lc3NhZ2U6ICIqKioqIFRoZSBzeXN0ZW0gaXMgZmluYWxseSB1cCwgYWZ0ZXIgJFVQVElNRSBzZWNvbmRzICoqKioiCg=="
            },
            "preserve_boot_volume": false,
            "private_ip": "10.0.1.2",
            "public_ip": "",
            "region": "uk-london-1",
            "shape": "VM.Standard.E2.1",
            "shape_config": [
              {
                "gpu_description": "",
                "gpus": 0,
                "local_disk_description": "",
                "local_disks": 0,
                "local_disks_total_size_in_gbs": 0,
                "max_vnic_attachments": 2,
                "memory_in_gbs": 8,
                "networking_bandwidth_in_gbps": 0.699999988079071,
                "ocpus": 1,
                "processor_description": "2.0 GHz AMD EPYC™ 7551 (Naples)"
              }
            ],
            "source_details": [
              {
                "boot_volume_size_in_gbs": "50",
                "kms_key_id": "",
                "source_id": "ocid1.image.oc1.uk-london-1.aaaaaaaaw5gvriwzjhzt2tnylrfnpanz5ndztyrv3zpwhlzxdbkqsjfkwxaq",
                "source_type": "image"
              }
            ],
            "state": "RUNNING",
            "subnet_id": "ocid1.subnet.oc1.uk-london-1.aaaaaaaalje4r4lyxbyg5lcwywm4wx4ni25r3e3vrtfbq3m6mqtn7nne7xdq",
            "system_tags": {},
            "time_created": "2020-05-19 13:47:36.788 +0000 UTC",
            "time_maintenance_reboot_due": "",
            "timeouts": null
          },
          "private": "eyJlMmJmYjczMC1lY2FhLTExZTYtOGY4OC0zNDM2M2JjN2M0YzAiOnsiY3JlYXRlIjo3MjAwMDAwMDAwMDAwLCJkZWxldGUiOjcyMDAwMDAwMDAwMDAsInVwZGF0ZSI6NzIwMDAwMDAwMDAwMH19",
          "dependencies": [
            "oci_core_nat_gateway.Okit_Ng001",
            "oci_core_route_table.Okit_Rt002",
            "oci_core_security_list.Okit_Sl001",
            "oci_core_security_list.Secuprivate",
            "oci_core_subnet.Subprivate",
            "oci_core_vcn.Okit_Vcn001"
          ]
        }
      ]
    },
    {
      "mode": "managed",
      "type": "oci_core_internet_gateway",
      "name": "Okit_Ig001",
      "provider": "provider.oci",
      "instances": [
        {
          "schema_version": 0,
          "attributes": {
            "compartment_id": "ocid1.compartment.oc1..aaaaaaaaywbfhbbnfgyf47pq4uikio5qhqqpxxw4c34l2wpjfiiligm5jrna",
            "defined_tags": {
              "team_default_tags.DateTime": "2020-05-19T13:47:34.164Z",
              "team_default_tags.PrincipalName": "oracleidentitycloudservice/paulo.pierrondi@oracle.com",
              "team_default_tags.PrincipalType": "user"
            },
            "display_name": "okit-ig001",
            "enabled": true,
            "freeform_tags": {},
            "id": "ocid1.internetgateway.oc1.uk-london-1.aaaaaaaapvhc54imabwtlpbkun4gmzabq3brwlzsqegelpytw7njcnodojeq",
            "state": "AVAILABLE",
            "time_created": "2020-05-19 13:47:34.177 +0000 UTC",
            "timeouts": null,
            "vcn_id": "ocid1.vcn.oc1.uk-london-1.amaaaaaarhx5zmaazg3sghil3irgf5rwcymvrbmjw7ovlstdyujsjvtmxpka"
          },
          "private": "eyJlMmJmYjczMC1lY2FhLTExZTYtOGY4OC0zNDM2M2JjN2M0YzAiOnsiY3JlYXRlIjo5MDAwMDAwMDAwMDAsImRlbGV0ZSI6OTAwMDAwMDAwMDAwLCJ1cGRhdGUiOjkwMDAwMDAwMDAwMH19",
          "dependencies": [
            "oci_core_vcn.Okit_Vcn001"
          ]
        }
      ]
    },
    {
      "mode": "managed",
      "type": "oci_core_nat_gateway",
      "name": "Okit_Ng001",
      "provider": "provider.oci",
      "instances": [
        {
          "schema_version": 0,
          "attributes": {
            "block_traffic": false,
            "compartment_id": "ocid1.compartment.oc1..aaaaaaaaywbfhbbnfgyf47pq4uikio5qhqqpxxw4c34l2wpjfiiligm5jrna",
            "defined_tags": {
              "team_default_tags.DateTime": "2020-05-19T13:47:34.029Z",
              "team_default_tags.PrincipalName": "oracleidentitycloudservice/paulo.pierrondi@oracle.com",
              "team_default_tags.PrincipalType": "user"
            },
            "display_name": "okit-ng001",
            "freeform_tags": {},
            "id": "ocid1.natgateway.oc1.uk-london-1.aaaaaaaaqi2sh7xuyrdhd3m27lkm7adygjdfb5a5n3vgv5ryckumrismmosq",
            "nat_ip": "152.67.131.245",
            "state": "AVAILABLE",
            "time_created": "2020-05-19 13:47:34.206 +0000 UTC",
            "timeouts": null,
            "vcn_id": "ocid1.vcn.oc1.uk-london-1.amaaaaaarhx5zmaazg3sghil3irgf5rwcymvrbmjw7ovlstdyujsjvtmxpka"
          },
          "private": "eyJlMmJmYjczMC1lY2FhLTExZTYtOGY4OC0zNDM2M2JjN2M0YzAiOnsiY3JlYXRlIjo5MDAwMDAwMDAwMDAsImRlbGV0ZSI6OTAwMDAwMDAwMDAwLCJ1cGRhdGUiOjkwMDAwMDAwMDAwMH19",
          "dependencies": [
            "oci_core_vcn.Okit_Vcn001"
          ]
        }
      ]
    },
    {
      "mode": "managed",
      "type": "oci_core_route_table",
      "name": "Okit_Rt001",
      "provider": "provider.oci",
      "instances": [
        {
          "schema_version": 0,
          "attributes": {
            "compartment_id": "ocid1.compartment.oc1..aaaaaaaaywbfhbbnfgyf47pq4uikio5qhqqpxxw4c34l2wpjfiiligm5jrna",
            "defined_tags": {
              "team_default_tags.DateTime": "2020-05-19T13:47:34.466Z",
              "team_default_tags.PrincipalName": "oracleidentitycloudservice/paulo.pierrondi@oracle.com",
              "team_default_tags.PrincipalType": "user"
            },
            "display_name": "okit-rt001",
            "freeform_tags": {},
            "id": "ocid1.routetable.oc1.uk-london-1.aaaaaaaa33rt7g4iitqy33ip7absgmdh3qj2cpfz5ngvyv4voee3npupbicq",
            "route_rules": [
              {
                "cidr_block": "",
                "description": "",
                "destination": "0.0.0.0/0",
                "destination_type": "CIDR_BLOCK",
                "network_entity_id": "ocid1.internetgateway.oc1.uk-london-1.aaaaaaaapvhc54imabwtlpbkun4gmzabq3brwlzsqegelpytw7njcnodojeq"
              }
            ],
            "state": "AVAILABLE",
            "time_created": "2020-05-19 13:47:34.483 +0000 UTC",
            "timeouts": null,
            "vcn_id": "ocid1.vcn.oc1.uk-london-1.amaaaaaarhx5zmaazg3sghil3irgf5rwcymvrbmjw7ovlstdyujsjvtmxpka"
          },
          "private": "eyJlMmJmYjczMC1lY2FhLTExZTYtOGY4OC0zNDM2M2JjN2M0YzAiOnsiY3JlYXRlIjo5MDAwMDAwMDAwMDAsImRlbGV0ZSI6OTAwMDAwMDAwMDAwLCJ1cGRhdGUiOjkwMDAwMDAwMDAwMH19",
          "dependencies": [
            "oci_core_internet_gateway.Okit_Ig001",
            "oci_core_vcn.Okit_Vcn001"
          ]
        }
      ]
    },
    {
      "mode": "managed",
      "type": "oci_core_route_table",
      "name": "Okit_Rt002",
      "provider": "provider.oci",
      "instances": [
        {
          "schema_version": 0,
          "attributes": {
            "compartment_id": "ocid1.compartment.oc1..aaaaaaaaywbfhbbnfgyf47pq4uikio5qhqqpxxw4c34l2wpjfiiligm5jrna",
            "defined_tags": {
              "team_default_tags.DateTime": "2020-05-19T13:47:34.835Z",
              "team_default_tags.PrincipalName": "oracleidentitycloudservice/paulo.pierrondi@oracle.com",
              "team_default_tags.PrincipalType": "user"
            },
            "display_name": "okit-rt002",
            "freeform_tags": {},
            "id": "ocid1.routetable.oc1.uk-london-1.aaaaaaaastjkkz2hkvahypni65d3bdfc4gbafpiiwjhuga7kcxtcvcf7xs4q",
            "route_rules": [
              {
                "cidr_block": "",
                "description": "free for all",
                "destination": "0.0.0.0/0",
                "destination_type": "CIDR_BLOCK",
                "network_entity_id": "ocid1.natgateway.oc1.uk-london-1.aaaaaaaaqi2sh7xuyrdhd3m27lkm7adygjdfb5a5n3vgv5ryckumrismmosq"
              }
            ],
            "state": "AVAILABLE",
            "time_created": "2020-05-19 13:47:34.853 +0000 UTC",
            "timeouts": null,
            "vcn_id": "ocid1.vcn.oc1.uk-london-1.amaaaaaarhx5zmaazg3sghil3irgf5rwcymvrbmjw7ovlstdyujsjvtmxpka"
          },
          "private": "eyJlMmJmYjczMC1lY2FhLTExZTYtOGY4OC0zNDM2M2JjN2M0YzAiOnsiY3JlYXRlIjo5MDAwMDAwMDAwMDAsImRlbGV0ZSI6OTAwMDAwMDAwMDAwLCJ1cGRhdGUiOjkwMDAwMDAwMDAwMH19",
          "dependencies": [
            "oci_core_nat_gateway.Okit_Ng001",
            "oci_core_vcn.Okit_Vcn001"
          ]
        }
      ]
    },
    {
      "mode": "managed",
      "type": "oci_core_security_list",
      "name": "Okit_Sl001",
      "provider": "provider.oci",
      "instances": [
        {
          "schema_version": 0,
          "attributes": {
            "compartment_id": "ocid1.compartment.oc1..aaaaaaaaywbfhbbnfgyf47pq4uikio5qhqqpxxw4c34l2wpjfiiligm5jrna",
            "defined_tags": {
              "team_default_tags.DateTime": "2020-05-19T13:47:34.197Z",
              "team_default_tags.PrincipalName": "oracleidentitycloudservice/paulo.pierrondi@oracle.com",
              "team_default_tags.PrincipalType": "user"
            },
            "display_name": "okit-sl001",
            "egress_security_rules": [
              {
                "description": "",
                "destination": "0.0.0.0/0",
                "destination_type": "CIDR_BLOCK",
                "icmp_options": [],
                "protocol": "all",
                "stateless": false,
                "tcp_options": [],
                "udp_options": []
              }
            ],
            "freeform_tags": {},
            "id": "ocid1.securitylist.oc1.uk-london-1.aaaaaaaakhmonkgdaafacbjeiyrogvk47j6hqtxiat3yiwmsm54dnjzmazdq",
            "ingress_security_rules": [
              {
                "description": "",
                "icmp_options": [
                  {
                    "code": 4,
                    "type": 3
                  }
                ],
                "protocol": "1",
                "source": "0.0.0.0/0",
                "source_type": "CIDR_BLOCK",
                "stateless": false,
                "tcp_options": [],
                "udp_options": []
              },
              {
                "description": "",
                "icmp_options": [],
                "protocol": "6",
                "source": "0.0.0.0/0",
                "source_type": "CIDR_BLOCK",
                "stateless": false,
                "tcp_options": [
                  {
                    "max": 22,
                    "min": 22,
                    "source_port_range": []
                  }
                ],
                "udp_options": []
              },
              {
                "description": "",
                "icmp_options": [],
                "protocol": "all",
                "source": "0.0.0.0/0",
                "source_type": "CIDR_BLOCK",
                "stateless": false,
                "tcp_options": [],
                "udp_options": []
              }
            ],
            "state": "AVAILABLE",
            "time_created": "2020-05-19 13:47:34.268 +0000 UTC",
            "timeouts": null,
            "vcn_id": "ocid1.vcn.oc1.uk-london-1.amaaaaaarhx5zmaazg3sghil3irgf5rwcymvrbmjw7ovlstdyujsjvtmxpka"
          },
          "private": "eyJlMmJmYjczMC1lY2FhLTExZTYtOGY4OC0zNDM2M2JjN2M0YzAiOnsiY3JlYXRlIjo5MDAwMDAwMDAwMDAsImRlbGV0ZSI6OTAwMDAwMDAwMDAwLCJ1cGRhdGUiOjkwMDAwMDAwMDAwMH19",
          "dependencies": [
            "oci_core_vcn.Okit_Vcn001"
          ]
        }
      ]
    },
    {
      "mode": "managed",
      "type": "oci_core_security_list",
      "name": "Secuprivate",
      "provider": "provider.oci",
      "instances": [
        {
          "schema_version": 0,
          "attributes": {
            "compartment_id": "ocid1.compartment.oc1..aaaaaaaaywbfhbbnfgyf47pq4uikio5qhqqpxxw4c34l2wpjfiiligm5jrna",
            "defined_tags": {
              "team_default_tags.DateTime": "2020-05-19T13:47:34.174Z",
              "team_default_tags.PrincipalName": "oracleidentitycloudservice/paulo.pierrondi@oracle.com",
              "team_default_tags.PrincipalType": "user"
            },
            "display_name": "SecuPrivate",
            "egress_security_rules": [
              {
                "description": "",
                "destination": "0.0.0.0/0",
                "destination_type": "CIDR_BLOCK",
                "icmp_options": [],
                "protocol": "all",
                "stateless": false,
                "tcp_options": [],
                "udp_options": []
              }
            ],
            "freeform_tags": {},
            "id": "ocid1.securitylist.oc1.uk-london-1.aaaaaaaanjrff64lmcvobpntydpob7meypfr3k6gxqbv6zzibum7ssnw6qra",
            "ingress_security_rules": [
              {
                "description": "",
                "icmp_options": [],
                "protocol": "all",
                "source": "0.0.0.0/0",
                "source_type": "CIDR_BLOCK",
                "stateless": false,
                "tcp_options": [],
                "udp_options": []
              }
            ],
            "state": "AVAILABLE",
            "time_created": "2020-05-19 13:47:34.183 +0000 UTC",
            "timeouts": null,
            "vcn_id": "ocid1.vcn.oc1.uk-london-1.amaaaaaarhx5zmaazg3sghil3irgf5rwcymvrbmjw7ovlstdyujsjvtmxpka"
          },
          "private": "eyJlMmJmYjczMC1lY2FhLTExZTYtOGY4OC0zNDM2M2JjN2M0YzAiOnsiY3JlYXRlIjo5MDAwMDAwMDAwMDAsImRlbGV0ZSI6OTAwMDAwMDAwMDAwLCJ1cGRhdGUiOjkwMDAwMDAwMDAwMH19",
          "dependencies": [
            "oci_core_vcn.Okit_Vcn001"
          ]
        }
      ]
    },
    {
      "mode": "managed",
      "type": "oci_core_subnet",
      "name": "Okit_Sn001",
      "provider": "provider.oci",
      "instances": [
        {
          "schema_version": 0,
          "attributes": {
            "availability_domain": null,
            "cidr_block": "10.0.0.0/24",
            "compartment_id": "ocid1.compartment.oc1..aaaaaaaaywbfhbbnfgyf47pq4uikio5qhqqpxxw4c34l2wpjfiiligm5jrna",
            "defined_tags": {
              "team_default_tags.DateTime": "2020-05-19T13:47:34.698Z",
              "team_default_tags.PrincipalName": "oracleidentitycloudservice/paulo.pierrondi@oracle.com",
              "team_default_tags.PrincipalType": "user"
            },
            "dhcp_options_id": "ocid1.dhcpoptions.oc1.uk-london-1.aaaaaaaashcvhoxn3noxt4roncmfgacch33partdo26fkoswrqsy5ayjd4kq",
            "display_name": "okit-sn001",
            "dns_label": "sn001",
            "freeform_tags": {},
            "id": "ocid1.subnet.oc1.uk-london-1.aaaaaaaanh75767gfvqmotjlncfzd3p7cdkilnndamjob2kelsgjhfrt67nq",
            "ipv6cidr_block": null,
            "ipv6public_cidr_block": null,
            "ipv6virtual_router_ip": null,
            "prohibit_public_ip_on_vnic": false,
            "route_table_id": "ocid1.routetable.oc1.uk-london-1.aaaaaaaa33rt7g4iitqy33ip7absgmdh3qj2cpfz5ngvyv4voee3npupbicq",
            "security_list_ids": [
              "ocid1.securitylist.oc1.uk-london-1.aaaaaaaakhmonkgdaafacbjeiyrogvk47j6hqtxiat3yiwmsm54dnjzmazdq",
              "ocid1.securitylist.oc1.uk-london-1.aaaaaaaanjrff64lmcvobpntydpob7meypfr3k6gxqbv6zzibum7ssnw6qra"
            ],
            "state": "AVAILABLE",
            "subnet_domain_name": "sn001.vcn001.oraclevcn.com",
            "time_created": "2020-05-19 13:47:34.88 +0000 UTC",
            "timeouts": null,
            "vcn_id": "ocid1.vcn.oc1.uk-london-1.amaaaaaarhx5zmaazg3sghil3irgf5rwcymvrbmjw7ovlstdyujsjvtmxpka",
            "virtual_router_ip": "10.0.0.1",
            "virtual_router_mac": "00:00:17:21:CA:7C"
          },
          "private": "eyJlMmJmYjczMC1lY2FhLTExZTYtOGY4OC0zNDM2M2JjN2M0YzAiOnsiY3JlYXRlIjo5MDAwMDAwMDAwMDAsImRlbGV0ZSI6OTAwMDAwMDAwMDAwLCJ1cGRhdGUiOjkwMDAwMDAwMDAwMH19",
          "dependencies": [
            "oci_core_internet_gateway.Okit_Ig001",
            "oci_core_route_table.Okit_Rt001",
            "oci_core_security_list.Okit_Sl001",
            "oci_core_security_list.Secuprivate",
            "oci_core_vcn.Okit_Vcn001"
          ]
        }
      ]
    },
    {
      "mode": "managed",
      "type": "oci_core_subnet",
      "name": "Okit_Sn003",
      "provider": "provider.oci",
      "instances": [
        {
          "schema_version": 0,
          "attributes": {
            "availability_domain": null,
            "cidr_block": "10.0.2.0/24",
            "compartment_id": "ocid1.compartment.oc1..aaaaaaaaywbfhbbnfgyf47pq4uikio5qhqqpxxw4c34l2wpjfiiligm5jrna",
            "defined_tags": {
              "team_default_tags.DateTime": "2020-05-19T13:47:34.690Z",
              "team_default_tags.PrincipalName": "oracleidentitycloudservice/paulo.pierrondi@oracle.com",
              "team_default_tags.PrincipalType": "user"
            },
            "dhcp_options_id": "ocid1.dhcpoptions.oc1.uk-london-1.aaaaaaaashcvhoxn3noxt4roncmfgacch33partdo26fkoswrqsy5ayjd4kq",
            "display_name": "okit-sn003",
            "dns_label": "sn003",
            "freeform_tags": {},
            "id": "ocid1.subnet.oc1.uk-london-1.aaaaaaaanugunhcda3us2beylcfwhoty4rd6qwou7hixrpd6r6ymrgmhphea",
            "ipv6cidr_block": null,
            "ipv6public_cidr_block": null,
            "ipv6virtual_router_ip": null,
            "prohibit_public_ip_on_vnic": false,
            "route_table_id": "ocid1.routetable.oc1.uk-london-1.aaaaaaaa33rt7g4iitqy33ip7absgmdh3qj2cpfz5ngvyv4voee3npupbicq",
            "security_list_ids": [
              "ocid1.securitylist.oc1.uk-london-1.aaaaaaaakhmonkgdaafacbjeiyrogvk47j6hqtxiat3yiwmsm54dnjzmazdq",
              "ocid1.securitylist.oc1.uk-london-1.aaaaaaaanjrff64lmcvobpntydpob7meypfr3k6gxqbv6zzibum7ssnw6qra"
            ],
            "state": "AVAILABLE",
            "subnet_domain_name": "sn003.vcn001.oraclevcn.com",
            "time_created": "2020-05-19 13:47:34.728 +0000 UTC",
            "timeouts": null,
            "vcn_id": "ocid1.vcn.oc1.uk-london-1.amaaaaaarhx5zmaazg3sghil3irgf5rwcymvrbmjw7ovlstdyujsjvtmxpka",
            "virtual_router_ip": "10.0.2.1",
            "virtual_router_mac": "00:00:17:21:CA:7C"
          },
          "private": "eyJlMmJmYjczMC1lY2FhLTExZTYtOGY4OC0zNDM2M2JjN2M0YzAiOnsiY3JlYXRlIjo5MDAwMDAwMDAwMDAsImRlbGV0ZSI6OTAwMDAwMDAwMDAwLCJ1cGRhdGUiOjkwMDAwMDAwMDAwMH19",
          "dependencies": [
            "oci_core_internet_gateway.Okit_Ig001",
            "oci_core_route_table.Okit_Rt001",
            "oci_core_security_list.Okit_Sl001",
            "oci_core_security_list.Secuprivate",
            "oci_core_vcn.Okit_Vcn001"
          ]
        }
      ]
    },
    {
      "mode": "managed",
      "type": "oci_core_subnet",
      "name": "Subprivate",
      "provider": "provider.oci",
      "instances": [
        {
          "schema_version": 0,
          "attributes": {
            "availability_domain": null,
            "cidr_block": "10.0.1.0/24",
            "compartment_id": "ocid1.compartment.oc1..aaaaaaaaywbfhbbnfgyf47pq4uikio5qhqqpxxw4c34l2wpjfiiligm5jrna",
            "defined_tags": {
              "team_default_tags.DateTime": "2020-05-19T13:47:35.412Z",
              "team_default_tags.PrincipalName": "oracleidentitycloudservice/paulo.pierrondi@oracle.com",
              "team_default_tags.PrincipalType": "user"
            },
            "dhcp_options_id": "ocid1.dhcpoptions.oc1.uk-london-1.aaaaaaaashcvhoxn3noxt4roncmfgacch33partdo26fkoswrqsy5ayjd4kq",
            "display_name": "SubPrivate",
            "dns_label": "sn002",
            "freeform_tags": {},
            "id": "ocid1.subnet.oc1.uk-london-1.aaaaaaaalje4r4lyxbyg5lcwywm4wx4ni25r3e3vrtfbq3m6mqtn7nne7xdq",
            "ipv6cidr_block": null,
            "ipv6public_cidr_block": null,
            "ipv6virtual_router_ip": null,
            "prohibit_public_ip_on_vnic": true,
            "route_table_id": "ocid1.routetable.oc1.uk-london-1.aaaaaaaastjkkz2hkvahypni65d3bdfc4gbafpiiwjhuga7kcxtcvcf7xs4q",
            "security_list_ids": [
              "ocid1.securitylist.oc1.uk-london-1.aaaaaaaakhmonkgdaafacbjeiyrogvk47j6hqtxiat3yiwmsm54dnjzmazdq",
              "ocid1.securitylist.oc1.uk-london-1.aaaaaaaanjrff64lmcvobpntydpob7meypfr3k6gxqbv6zzibum7ssnw6qra"
            ],
            "state": "AVAILABLE",
            "subnet_domain_name": "sn002.vcn001.oraclevcn.com",
            "time_created": "2020-05-19 13:47:35.448 +0000 UTC",
            "timeouts": null,
            "vcn_id": "ocid1.vcn.oc1.uk-london-1.amaaaaaarhx5zmaazg3sghil3irgf5rwcymvrbmjw7ovlstdyujsjvtmxpka",
            "virtual_router_ip": "10.0.1.1",
            "virtual_router_mac": "00:00:17:21:CA:7C"
          },
          "private": "eyJlMmJmYjczMC1lY2FhLTExZTYtOGY4OC0zNDM2M2JjN2M0YzAiOnsiY3JlYXRlIjo5MDAwMDAwMDAwMDAsImRlbGV0ZSI6OTAwMDAwMDAwMDAwLCJ1cGRhdGUiOjkwMDAwMDAwMDAwMH19",
          "dependencies": [
            "oci_core_nat_gateway.Okit_Ng001",
            "oci_core_route_table.Okit_Rt002",
            "oci_core_security_list.Okit_Sl001",
            "oci_core_security_list.Secuprivate",
            "oci_core_vcn.Okit_Vcn001"
          ]
        }
      ]
    },
    {
      "mode": "managed",
      "type": "oci_core_vcn",
      "name": "Okit_Vcn001",
      "provider": "provider.oci",
      "instances": [
        {
          "schema_version": 0,
          "attributes": {
            "cidr_block": "10.0.0.0/16",
            "compartment_id": "ocid1.compartment.oc1..aaaaaaaaywbfhbbnfgyf47pq4uikio5qhqqpxxw4c34l2wpjfiiligm5jrna",
            "default_dhcp_options_id": "ocid1.dhcpoptions.oc1.uk-london-1.aaaaaaaashcvhoxn3noxt4roncmfgacch33partdo26fkoswrqsy5ayjd4kq",
            "default_route_table_id": "ocid1.routetable.oc1.uk-london-1.aaaaaaaamdp6tq4dcfvke5c776nq3s2f2mpcqe5ycdn4ldacxpeqw62vjjuq",
            "default_security_list_id": "ocid1.securitylist.oc1.uk-london-1.aaaaaaaahucqggb3cq63x77mf7l2yccvojcudoluvcii34t34wapr2l6lsja",
            "defined_tags": {
              "team_default_tags.DateTime": "2020-05-19T13:47:33.694Z",
              "team_default_tags.PrincipalName": "oracleidentitycloudservice/paulo.pierrondi@oracle.com",
              "team_default_tags.PrincipalType": "user"
            },
            "display_name": "okit-vcn001",
            "dns_label": "vcn001",
            "freeform_tags": {},
            "id": "ocid1.vcn.oc1.uk-london-1.amaaaaaarhx5zmaazg3sghil3irgf5rwcymvrbmjw7ovlstdyujsjvtmxpka",
            "ipv6cidr_block": null,
            "ipv6public_cidr_block": null,
            "is_ipv6enabled": null,
            "state": "AVAILABLE",
            "time_created": "2020-05-19 13:47:33.697 +0000 UTC",
            "timeouts": null,
            "vcn_domain_name": "vcn001.oraclevcn.com"
          },
          "private": "eyJlMmJmYjczMC1lY2FhLTExZTYtOGY4OC0zNDM2M2JjN2M0YzAiOnsiY3JlYXRlIjo5MDAwMDAwMDAwMDAsImRlbGV0ZSI6OTAwMDAwMDAwMDAwLCJ1cGRhdGUiOjkwMDAwMDAwMDAwMH19"
        }
      ]
    },
    {
      "mode": "managed",
      "type": "oci_load_balancer_backend",
      "name": "Okit_Lb001Backend1",
      "provider": "provider.oci",
      "instances": [
        {
          "schema_version": 0,
          "attributes": {
            "backendset_name": "Okit_Lb001BackendSet",
            "backup": false,
            "drain": false,
            "id": "loadBalancers/ocid1.loadbalancer.oc1.uk-london-1.aaaaaaaakklym7qdhm4eyu4vpxfsf3x4y5hmfxgqjqhl4rzmkrhvhrqpo57a/backendSets/Okit_Lb001BackendSet/backends/10.0.0.3:80",
            "ip_address": "10.0.0.3",
            "load_balancer_id": "ocid1.loadbalancer.oc1.uk-london-1.aaaaaaaakklym7qdhm4eyu4vpxfsf3x4y5hmfxgqjqhl4rzmkrhvhrqpo57a",
            "name": "10.0.0.3:80",
            "offline": false,
            "port": 80,
            "state": "SUCCEEDED",
            "timeouts": null,
            "weight": 1
          },
          "private": "eyJlMmJmYjczMC1lY2FhLTExZTYtOGY4OC0zNDM2M2JjN2M0YzAiOnsiY3JlYXRlIjo5MDAwMDAwMDAwMDAsImRlbGV0ZSI6OTAwMDAwMDAwMDAwLCJ1cGRhdGUiOjkwMDAwMDAwMDAwMH19",
          "dependencies": [
            "oci_core_instance.Okit_In001",
            "oci_core_internet_gateway.Okit_Ig001",
            "oci_core_route_table.Okit_Rt001",
            "oci_core_security_list.Okit_Sl001",
            "oci_core_security_list.Secuprivate",
            "oci_core_subnet.Okit_Sn001",
            "oci_core_subnet.Okit_Sn003",
            "oci_core_vcn.Okit_Vcn001",
            "oci_load_balancer_backend_set.Okit_Lb001BackendSet",
            "oci_load_balancer_load_balancer.Okit_Lb001"
          ]
        }
      ]
    },
    {
      "mode": "managed",
      "type": "oci_load_balancer_backend",
      "name": "Okit_Lb001Backend2",
      "provider": "provider.oci",
      "instances": [
        {
          "schema_version": 0,
          "attributes": {
            "backendset_name": "Okit_Lb001BackendSet",
            "backup": false,
            "drain": false,
            "id": "loadBalancers/ocid1.loadbalancer.oc1.uk-london-1.aaaaaaaakklym7qdhm4eyu4vpxfsf3x4y5hmfxgqjqhl4rzmkrhvhrqpo57a/backendSets/Okit_Lb001BackendSet/backends/10.0.0.2:80",
            "ip_address": "10.0.0.2",
            "load_balancer_id": "ocid1.loadbalancer.oc1.uk-london-1.aaaaaaaakklym7qdhm4eyu4vpxfsf3x4y5hmfxgqjqhl4rzmkrhvhrqpo57a",
            "name": "10.0.0.2:80",
            "offline": false,
            "port": 80,
            "state": "SUCCEEDED",
            "timeouts": null,
            "weight": 1
          },
          "private": "eyJlMmJmYjczMC1lY2FhLTExZTYtOGY4OC0zNDM2M2JjN2M0YzAiOnsiY3JlYXRlIjo5MDAwMDAwMDAwMDAsImRlbGV0ZSI6OTAwMDAwMDAwMDAwLCJ1cGRhdGUiOjkwMDAwMDAwMDAwMH19",
          "dependencies": [
            "oci_core_instance.Okit_In002",
            "oci_core_internet_gateway.Okit_Ig001",
            "oci_core_route_table.Okit_Rt001",
            "oci_core_security_list.Okit_Sl001",
            "oci_core_security_list.Secuprivate",
            "oci_core_subnet.Okit_Sn001",
            "oci_core_subnet.Okit_Sn003",
            "oci_core_vcn.Okit_Vcn001",
            "oci_load_balancer_backend_set.Okit_Lb001BackendSet",
            "oci_load_balancer_load_balancer.Okit_Lb001"
          ]
        }
      ]
    },
    {
      "mode": "managed",
      "type": "oci_load_balancer_backend",
      "name": "Okit_Lb001Backend3",
      "provider": "provider.oci",
      "instances": [
        {
          "schema_version": 0,
          "attributes": {
            "backendset_name": "Okit_Lb001BackendSet",
            "backup": false,
            "drain": false,
            "id": "loadBalancers/ocid1.loadbalancer.oc1.uk-london-1.aaaaaaaakklym7qdhm4eyu4vpxfsf3x4y5hmfxgqjqhl4rzmkrhvhrqpo57a/backendSets/Okit_Lb001BackendSet/backends/10.0.0.4:80",
            "ip_address": "10.0.0.4",
            "load_balancer_id": "ocid1.loadbalancer.oc1.uk-london-1.aaaaaaaakklym7qdhm4eyu4vpxfsf3x4y5hmfxgqjqhl4rzmkrhvhrqpo57a",
            "name": "10.0.0.4:80",
            "offline": false,
            "port": 80,
            "state": "SUCCEEDED",
            "timeouts": null,
            "weight": 1
          },
          "private": "eyJlMmJmYjczMC1lY2FhLTExZTYtOGY4OC0zNDM2M2JjN2M0YzAiOnsiY3JlYXRlIjo5MDAwMDAwMDAwMDAsImRlbGV0ZSI6OTAwMDAwMDAwMDAwLCJ1cGRhdGUiOjkwMDAwMDAwMDAwMH19",
          "dependencies": [
            "oci_core_instance.Okit_In003",
            "oci_core_internet_gateway.Okit_Ig001",
            "oci_core_route_table.Okit_Rt001",
            "oci_core_security_list.Okit_Sl001",
            "oci_core_security_list.Secuprivate",
            "oci_core_subnet.Okit_Sn001",
            "oci_core_subnet.Okit_Sn003",
            "oci_core_vcn.Okit_Vcn001",
            "oci_load_balancer_backend_set.Okit_Lb001BackendSet",
            "oci_load_balancer_load_balancer.Okit_Lb001"
          ]
        }
      ]
    },
    {
      "mode": "managed",
      "type": "oci_load_balancer_backend",
      "name": "Okit_Lb001Backend4",
      "provider": "provider.oci",
      "instances": [
        {
          "schema_version": 0,
          "attributes": {
            "backendset_name": "Okit_Lb001BackendSet",
            "backup": false,
            "drain": false,
            "id": "loadBalancers/ocid1.loadbalancer.oc1.uk-london-1.aaaaaaaakklym7qdhm4eyu4vpxfsf3x4y5hmfxgqjqhl4rzmkrhvhrqpo57a/backendSets/Okit_Lb001BackendSet/backends/10.0.1.2:80",
            "ip_address": "10.0.1.2",
            "load_balancer_id": "ocid1.loadbalancer.oc1.uk-london-1.aaaaaaaakklym7qdhm4eyu4vpxfsf3x4y5hmfxgqjqhl4rzmkrhvhrqpo57a",
            "name": "10.0.1.2:80",
            "offline": false,
            "port": 80,
            "state": "SUCCEEDED",
            "timeouts": null,
            "weight": 1
          },
          "private": "eyJlMmJmYjczMC1lY2FhLTExZTYtOGY4OC0zNDM2M2JjN2M0YzAiOnsiY3JlYXRlIjo5MDAwMDAwMDAwMDAsImRlbGV0ZSI6OTAwMDAwMDAwMDAwLCJ1cGRhdGUiOjkwMDAwMDAwMDAwMH19",
          "dependencies": [
            "oci_core_instance.Okit_In004",
            "oci_core_internet_gateway.Okit_Ig001",
            "oci_core_nat_gateway.Okit_Ng001",
            "oci_core_route_table.Okit_Rt001",
            "oci_core_route_table.Okit_Rt002",
            "oci_core_security_list.Okit_Sl001",
            "oci_core_security_list.Secuprivate",
            "oci_core_subnet.Okit_Sn003",
            "oci_core_subnet.Subprivate",
            "oci_core_vcn.Okit_Vcn001",
            "oci_load_balancer_backend_set.Okit_Lb001BackendSet",
            "oci_load_balancer_load_balancer.Okit_Lb001"
          ]
        }
      ]
    },
    {
      "mode": "managed",
      "type": "oci_load_balancer_backend_set",
      "name": "Okit_Lb001BackendSet",
      "provider": "provider.oci",
      "instances": [
        {
          "schema_version": 0,
          "attributes": {
            "backend": [],
            "health_checker": [
              {
                "interval_ms": 1000,
                "port": 80,
                "protocol": "TCP",
                "response_body_regex": ".*",
                "retries": 3,
                "return_code": 200,
                "timeout_in_millis": 3000,
                "url_path": "/"
              }
            ],
            "id": "loadBalancers/ocid1.loadbalancer.oc1.uk-london-1.aaaaaaaakklym7qdhm4eyu4vpxfsf3x4y5hmfxgqjqhl4rzmkrhvhrqpo57a/backendSets/Okit_Lb001BackendSet",
            "lb_cookie_session_persistence_configuration": [],
            "load_balancer_id": "ocid1.loadbalancer.oc1.uk-london-1.aaaaaaaakklym7qdhm4eyu4vpxfsf3x4y5hmfxgqjqhl4rzmkrhvhrqpo57a",
            "name": "Okit_Lb001BackendSet",
            "policy": "ROUND_ROBIN",
            "session_persistence_configuration": [],
            "ssl_configuration": [],
            "state": "SUCCEEDED",
            "timeouts": null
          },
          "private": "eyJlMmJmYjczMC1lY2FhLTExZTYtOGY4OC0zNDM2M2JjN2M0YzAiOnsiY3JlYXRlIjo5MDAwMDAwMDAwMDAsImRlbGV0ZSI6OTAwMDAwMDAwMDAwLCJ1cGRhdGUiOjkwMDAwMDAwMDAwMH19",
          "dependencies": [
            "oci_core_internet_gateway.Okit_Ig001",
            "oci_core_route_table.Okit_Rt001",
            "oci_core_security_list.Okit_Sl001",
            "oci_core_security_list.Secuprivate",
            "oci_core_subnet.Okit_Sn003",
            "oci_core_vcn.Okit_Vcn001",
            "oci_load_balancer_load_balancer.Okit_Lb001"
          ]
        }
      ]
    },
    {
      "mode": "managed",
      "type": "oci_load_balancer_listener",
      "name": "Okit_Lb001Listener",
      "provider": "provider.oci",
      "instances": [
        {
          "schema_version": 0,
          "attributes": {
            "connection_configuration": [
              {
                "backend_tcp_proxy_protocol_version": 0,
                "idle_timeout_in_seconds": "1200"
              }
            ],
            "default_backend_set_name": "Okit_Lb001BackendSet",
            "hostname_names": [],
            "id": "loadBalancers/ocid1.loadbalancer.oc1.uk-london-1.aaaaaaaakklym7qdhm4eyu4vpxfsf3x4y5hmfxgqjqhl4rzmkrhvhrqpo57a/listeners/Okit_Lb001Listener",
            "load_balancer_id": "ocid1.loadbalancer.oc1.uk-london-1.aaaaaaaakklym7qdhm4eyu4vpxfsf3x4y5hmfxgqjqhl4rzmkrhvhrqpo57a",
            "name": "Okit_Lb001Listener",
            "path_route_set_name": null,
            "port": 80,
            "protocol": "TCP",
            "rule_set_names": [],
            "ssl_configuration": [],
            "state": "SUCCEEDED",
            "timeouts": null
          },
          "private": "eyJlMmJmYjczMC1lY2FhLTExZTYtOGY4OC0zNDM2M2JjN2M0YzAiOnsiY3JlYXRlIjo5MDAwMDAwMDAwMDAsImRlbGV0ZSI6OTAwMDAwMDAwMDAwLCJ1cGRhdGUiOjkwMDAwMDAwMDAwMH19",
          "dependencies": [
            "oci_core_internet_gateway.Okit_Ig001",
            "oci_core_route_table.Okit_Rt001",
            "oci_core_security_list.Okit_Sl001",
            "oci_core_security_list.Secuprivate",
            "oci_core_subnet.Okit_Sn003",
            "oci_core_vcn.Okit_Vcn001",
            "oci_load_balancer_backend_set.Okit_Lb001BackendSet",
            "oci_load_balancer_load_balancer.Okit_Lb001"
          ]
        }
      ]
    },
    {
      "mode": "managed",
      "type": "oci_load_balancer_load_balancer",
      "name": "Okit_Lb001",
      "provider": "provider.oci",
      "instances": [
        {
          "schema_version": 0,
          "attributes": {
            "compartment_id": "ocid1.compartment.oc1..aaaaaaaaywbfhbbnfgyf47pq4uikio5qhqqpxxw4c34l2wpjfiiligm5jrna",
            "defined_tags": {
              "team_default_tags.DateTime": "2020-05-19T13:47:34.972Z",
              "team_default_tags.PrincipalName": "oracleidentitycloudservice/paulo.pierrondi@oracle.com",
              "team_default_tags.PrincipalType": "user"
            },
            "display_name": "okit-lb001",
            "freeform_tags": {},
            "id": "ocid1.loadbalancer.oc1.uk-london-1.aaaaaaaakklym7qdhm4eyu4vpxfsf3x4y5hmfxgqjqhl4rzmkrhvhrqpo57a",
            "ip_address_details": [
              {
                "ip_address": "152.67.131.124",
                "is_public": true
              }
            ],
            "ip_addresses": [
              "152.67.131.124"
            ],
            "ip_mode": null,
            "is_private": false,
            "network_security_group_ids": null,
            "shape": "100Mbps",
            "state": "ACTIVE",
            "subnet_ids": [
              "ocid1.subnet.oc1.uk-london-1.aaaaaaaanugunhcda3us2beylcfwhoty4rd6qwou7hixrpd6r6ymrgmhphea"
            ],
            "system_tags": {},
            "time_created": "2020-05-19 13:47:35.162 +0000 UTC",
            "timeouts": null
          },
          "private": "eyJlMmJmYjczMC1lY2FhLTExZTYtOGY4OC0zNDM2M2JjN2M0YzAiOnsiY3JlYXRlIjo5MDAwMDAwMDAwMDAsImRlbGV0ZSI6OTAwMDAwMDAwMDAwLCJ1cGRhdGUiOjkwMDAwMDAwMDAwMH19",
          "dependencies": [
            "oci_core_internet_gateway.Okit_Ig001",
            "oci_core_route_table.Okit_Rt001",
            "oci_core_security_list.Okit_Sl001",
            "oci_core_security_list.Secuprivate",
            "oci_core_subnet.Okit_Sn003",
            "oci_core_vcn.Okit_Vcn001"
          ]
        }
      ]
    }
  ]
}
